// !$*UTF8*$!
{
	archiveVersion = 1;
	classes = {
	};
	objectVersion = 46;
	objects = {

/* Begin PBXBuildFile section */
		D11853751D7EC3B900D1EA92 /* LogInViewController.m in Sources */ = {isa = PBXBuildFile; fileRef = D11853741D7EC3B900D1EA92 /* LogInViewController.m */; };
		D13B58931D7EEBAA005D89FA /* CYLPlusButton.m in Sources */ = {isa = PBXBuildFile; fileRef = D13B588C1D7EEBAA005D89FA /* CYLPlusButton.m */; };
		D13B58941D7EEBAA005D89FA /* CYLTabBar.m in Sources */ = {isa = PBXBuildFile; fileRef = D13B588E1D7EEBAA005D89FA /* CYLTabBar.m */; };
		D13B58951D7EEBAA005D89FA /* CYLTabBarController.m in Sources */ = {isa = PBXBuildFile; fileRef = D13B58901D7EEBAA005D89FA /* CYLTabBarController.m */; };
		D13B58961D7EEBAA005D89FA /* UIViewController+CYLTabBarControllerExtention.m in Sources */ = {isa = PBXBuildFile; fileRef = D13B58921D7EEBAA005D89FA /* UIViewController+CYLTabBarControllerExtention.m */; };
		D13B58A41D7EF05B005D89FA /* DiscoverViewController.m in Sources */ = {isa = PBXBuildFile; fileRef = D13B58A31D7EF05B005D89FA /* DiscoverViewController.m */; };
		D13B58AA1D7EF093005D89FA /* MessageViewController.m in Sources */ = {isa = PBXBuildFile; fileRef = D13B58A91D7EF093005D89FA /* MessageViewController.m */; };
		D13B58AD1D7EF0A1005D89FA /* MineViewController.m in Sources */ = {isa = PBXBuildFile; fileRef = D13B58AC1D7EF0A1005D89FA /* MineViewController.m */; };
		D13B58B01D7EF1F3005D89FA /* ConfigTabBarController.m in Sources */ = {isa = PBXBuildFile; fileRef = D13B58AF1D7EF1F3005D89FA /* ConfigTabBarController.m */; };
		D13B58C11D7FC725005D89FA /* HomeViewController.m in Sources */ = {isa = PBXBuildFile; fileRef = D13B58BD1D7FC725005D89FA /* HomeViewController.m */; };
		D13B58C91D7FCD8A005D89FA /* PublishButton.m in Sources */ = {isa = PBXBuildFile; fileRef = D13B58C81D7FCD8A005D89FA /* PublishButton.m */; };
		D13B58D51D7FF7F9005D89FA /* ViewController.m in Sources */ = {isa = PBXBuildFile; fileRef = D13B58D41D7FF7F9005D89FA /* ViewController.m */; };
		D13B58D81D7FFA6F005D89FA /* Localizable.strings in Resources */ = {isa = PBXBuildFile; fileRef = D13B58DA1D7FFA6F005D89FA /* Localizable.strings */; };
		D13B58E01D8001E5005D89FA /* PublishMovieViewController.m in Sources */ = {isa = PBXBuildFile; fileRef = D13B58DF1D8001E5005D89FA /* PublishMovieViewController.m */; };
		D13B58E71D800B53005D89FA /* ConfigMovieViewController.m in Sources */ = {isa = PBXBuildFile; fileRef = D13B58E51D800B53005D89FA /* ConfigMovieViewController.m */; };
		D13B58E81D800B53005D89FA /* ConfigMovieViewController.xib in Resources */ = {isa = PBXBuildFile; fileRef = D13B58E61D800B53005D89FA /* ConfigMovieViewController.xib */; };
		D13B58EB1D801985005D89FA /* UploadMovieViewController.m in Sources */ = {isa = PBXBuildFile; fileRef = D13B58EA1D801985005D89FA /* UploadMovieViewController.m */; };
		D13B58F11D8100F3005D89FA /* QPSDK.bundle in Resources */ = {isa = PBXBuildFile; fileRef = D13B58EF1D8100F3005D89FA /* QPSDK.bundle */; };
		D13B58F21D8100F3005D89FA /* QPSDK.framework in Frameworks */ = {isa = PBXBuildFile; fileRef = D13B58F01D8100F3005D89FA /* QPSDK.framework */; };
		D13B58FC1D814485005D89FA /* watermask.png in Resources */ = {isa = PBXBuildFile; fileRef = D13B58FB1D814485005D89FA /* watermask.png */; };
		D13B59111D8162BE005D89FA /* MoreMusicViewController.m in Sources */ = {isa = PBXBuildFile; fileRef = D13B59101D8162BE005D89FA /* MoreMusicViewController.m */; };
		D13B591B1D816863005D89FA /* String.m in Sources */ = {isa = PBXBuildFile; fileRef = D13B59141D816863005D89FA /* String.m */; };
		D13B591C1D816863005D89FA /* UIImage+RoundedCorner.m in Sources */ = {isa = PBXBuildFile; fileRef = D13B59171D816863005D89FA /* UIImage+RoundedCorner.m */; };
		D13B591D1D816863005D89FA /* UIView+Gesture.m in Sources */ = {isa = PBXBuildFile; fileRef = D13B591A1D816863005D89FA /* UIView+Gesture.m */; };
		D13B59381D81A596005D89FA /* music2.json in Resources */ = {isa = PBXBuildFile; fileRef = D13B59351D81A596005D89FA /* music2.json */; };
		D13B59391D81A596005D89FA /* music1.json in Resources */ = {isa = PBXBuildFile; fileRef = D13B59361D81A596005D89FA /* music1.json */; };
		D13B593A1D81A596005D89FA /* music in Resources */ = {isa = PBXBuildFile; fileRef = D13B59371D81A596005D89FA /* music */; };
		D13B593D1D81AAA9005D89FA /* UploadMovieCell.m in Sources */ = {isa = PBXBuildFile; fileRef = D13B593C1D81AAA9005D89FA /* UploadMovieCell.m */; };
		D13B59401D82602F005D89FA /* UIImage+fixOrientation.m in Sources */ = {isa = PBXBuildFile; fileRef = D13B593F1D82602F005D89FA /* UIImage+fixOrientation.m */; };
		D13B59431D826A4A005D89FA /* MoreMusicCell.m in Sources */ = {isa = PBXBuildFile; fileRef = D13B59421D826A4A005D89FA /* MoreMusicCell.m */; };
		D13B59461D829AA8005D89FA /* UIViewExt.m in Sources */ = {isa = PBXBuildFile; fileRef = D13B59451D829AA8005D89FA /* UIViewExt.m */; };
		D13B594C1D829C3D005D89FA /* UserDefaultKeys.m in Sources */ = {isa = PBXBuildFile; fileRef = D13B594B1D829C3D005D89FA /* UserDefaultKeys.m */; };
		D13B594F1D82CC88005D89FA /* UIImage+Categories.m in Sources */ = {isa = PBXBuildFile; fileRef = D13B594E1D82CC88005D89FA /* UIImage+Categories.m */; };
		D13B59521D82DC31005D89FA /* CustomTipsView.m in Sources */ = {isa = PBXBuildFile; fileRef = D13B59511D82DC31005D89FA /* CustomTipsView.m */; };
		D13B59561D82DD61005D89FA /* NSString+Extend.m in Sources */ = {isa = PBXBuildFile; fileRef = D13B59551D82DD61005D89FA /* NSString+Extend.m */; };
		D13B5A5D1D82F602005D89FA /* LoopProgressView.m in Sources */ = {isa = PBXBuildFile; fileRef = D13B5A5C1D82F602005D89FA /* LoopProgressView.m */; };
		D13B5A601D82F901005D89FA /* StatusBarHUD.m in Sources */ = {isa = PBXBuildFile; fileRef = D13B5A5F1D82F901005D89FA /* StatusBarHUD.m */; };
		D13B5A6D1D82FDAA005D89FA /* UIControl+ClickDelay.m in Sources */ = {isa = PBXBuildFile; fileRef = D13B5A6C1D82FDAA005D89FA /* UIControl+ClickDelay.m */; };
		D13B5A701D82FEE0005D89FA /* YMSuccessView.m in Sources */ = {isa = PBXBuildFile; fileRef = D13B5A6F1D82FEE0005D89FA /* YMSuccessView.m */; };
		D13B5A761D82FF8A005D89FA /* YMChangeAccountSuccessView.m in Sources */ = {isa = PBXBuildFile; fileRef = D13B5A751D82FF8A005D89FA /* YMChangeAccountSuccessView.m */; };
		D13B5A791D830109005D89FA /* MPTools.m in Sources */ = {isa = PBXBuildFile; fileRef = D13B5A781D830109005D89FA /* MPTools.m */; };
		D13B5ABE1D840DF2005D89FA /* Reveal.framework in Frameworks */ = {isa = PBXBuildFile; fileRef = D13B5ABD1D840DF2005D89FA /* Reveal.framework */; };
		D13B5AC01D840E08005D89FA /* libz.tbd in Frameworks */ = {isa = PBXBuildFile; fileRef = D13B5ABF1D840E08005D89FA /* libz.tbd */; };
		D1B6D6F01D7D10C500C3E647 /* main.m in Sources */ = {isa = PBXBuildFile; fileRef = D1B6D6EF1D7D10C500C3E647 /* main.m */; };
		D1B6D6F31D7D10C500C3E647 /* AppDelegate.m in Sources */ = {isa = PBXBuildFile; fileRef = D1B6D6F21D7D10C500C3E647 /* AppDelegate.m */; };
		D1B6D6F91D7D10C500C3E647 /* Main.storyboard in Resources */ = {isa = PBXBuildFile; fileRef = D1B6D6F71D7D10C500C3E647 /* Main.storyboard */; };
		D1B6D6FB1D7D10C500C3E647 /* Assets.xcassets in Resources */ = {isa = PBXBuildFile; fileRef = D1B6D6FA1D7D10C500C3E647 /* Assets.xcassets */; };
		D1B6D6FE1D7D10C500C3E647 /* LaunchScreen.storyboard in Resources */ = {isa = PBXBuildFile; fileRef = D1B6D6FC1D7D10C500C3E647 /* LaunchScreen.storyboard */; };
		D1B6D7091D7D10C500C3E647 /* HBMobileProjectTests.m in Sources */ = {isa = PBXBuildFile; fileRef = D1B6D7081D7D10C500C3E647 /* HBMobileProjectTests.m */; };
		D1B6D7141D7D10C500C3E647 /* HBMobileProjectUITests.m in Sources */ = {isa = PBXBuildFile; fileRef = D1B6D7131D7D10C500C3E647 /* HBMobileProjectUITests.m */; };
		D1B6D7431D7D11D400C3E647 /* BaseViewController.m in Sources */ = {isa = PBXBuildFile; fileRef = D1B6D7371D7D11D400C3E647 /* BaseViewController.m */; };
		D1B6D76F1D7D154700C3E647 /* MASCompositeConstraint.m in Sources */ = {isa = PBXBuildFile; fileRef = D1B6D7571D7D154700C3E647 /* MASCompositeConstraint.m */; };
		D1B6D7701D7D154700C3E647 /* MASConstraint.m in Sources */ = {isa = PBXBuildFile; fileRef = D1B6D75A1D7D154700C3E647 /* MASConstraint.m */; };
		D1B6D7711D7D154700C3E647 /* MASConstraintMaker.m in Sources */ = {isa = PBXBuildFile; fileRef = D1B6D75C1D7D154700C3E647 /* MASConstraintMaker.m */; };
		D1B6D7721D7D154700C3E647 /* MASLayoutConstraint.m in Sources */ = {isa = PBXBuildFile; fileRef = D1B6D75E1D7D154700C3E647 /* MASLayoutConstraint.m */; };
		D1B6D7731D7D154700C3E647 /* MASViewAttribute.m in Sources */ = {isa = PBXBuildFile; fileRef = D1B6D7621D7D154700C3E647 /* MASViewAttribute.m */; };
		D1B6D7741D7D154700C3E647 /* MASViewConstraint.m in Sources */ = {isa = PBXBuildFile; fileRef = D1B6D7641D7D154700C3E647 /* MASViewConstraint.m */; };
		D1B6D7751D7D154700C3E647 /* NSArray+MASAdditions.m in Sources */ = {isa = PBXBuildFile; fileRef = D1B6D7661D7D154700C3E647 /* NSArray+MASAdditions.m */; };
		D1B6D7761D7D154700C3E647 /* NSLayoutConstraint+MASDebugAdditions.m in Sources */ = {isa = PBXBuildFile; fileRef = D1B6D7691D7D154700C3E647 /* NSLayoutConstraint+MASDebugAdditions.m */; };
		D1B6D7771D7D154700C3E647 /* View+MASAdditions.m in Sources */ = {isa = PBXBuildFile; fileRef = D1B6D76B1D7D154700C3E647 /* View+MASAdditions.m */; };
		D1B6D7781D7D154700C3E647 /* ViewController+MASAdditions.m in Sources */ = {isa = PBXBuildFile; fileRef = D1B6D76E1D7D154700C3E647 /* ViewController+MASAdditions.m */; };
		D1B6D7901D7D159600C3E647 /* Info.plist in Resources */ = {isa = PBXBuildFile; fileRef = D1B6D77A1D7D159600C3E647 /* Info.plist */; };
		D1B6D7911D7D159600C3E647 /* MJExtensionConst.m in Sources */ = {isa = PBXBuildFile; fileRef = D1B6D77D1D7D159600C3E647 /* MJExtensionConst.m */; };
		D1B6D7921D7D159600C3E647 /* MJFoundation.m in Sources */ = {isa = PBXBuildFile; fileRef = D1B6D77F1D7D159600C3E647 /* MJFoundation.m */; };
		D1B6D7931D7D159600C3E647 /* MJProperty.m in Sources */ = {isa = PBXBuildFile; fileRef = D1B6D7811D7D159600C3E647 /* MJProperty.m */; };
		D1B6D7941D7D159600C3E647 /* MJPropertyKey.m in Sources */ = {isa = PBXBuildFile; fileRef = D1B6D7831D7D159600C3E647 /* MJPropertyKey.m */; };
		D1B6D7951D7D159600C3E647 /* MJPropertyType.m in Sources */ = {isa = PBXBuildFile; fileRef = D1B6D7851D7D159600C3E647 /* MJPropertyType.m */; };
		D1B6D7961D7D159600C3E647 /* NSObject+MJClass.m in Sources */ = {isa = PBXBuildFile; fileRef = D1B6D7871D7D159600C3E647 /* NSObject+MJClass.m */; };
		D1B6D7971D7D159600C3E647 /* NSObject+MJCoding.m in Sources */ = {isa = PBXBuildFile; fileRef = D1B6D7891D7D159600C3E647 /* NSObject+MJCoding.m */; };
		D1B6D7981D7D159600C3E647 /* NSObject+MJKeyValue.m in Sources */ = {isa = PBXBuildFile; fileRef = D1B6D78B1D7D159600C3E647 /* NSObject+MJKeyValue.m */; };
		D1B6D7991D7D159600C3E647 /* NSObject+MJProperty.m in Sources */ = {isa = PBXBuildFile; fileRef = D1B6D78D1D7D159600C3E647 /* NSObject+MJProperty.m */; };
		D1B6D79A1D7D159600C3E647 /* NSString+MJExtension.m in Sources */ = {isa = PBXBuildFile; fileRef = D1B6D78F1D7D159600C3E647 /* NSString+MJExtension.m */; };
/* End PBXBuildFile section */

/* Begin PBXContainerItemProxy section */
		D1B6D7051D7D10C500C3E647 /* PBXContainerItemProxy */ = {
			isa = PBXContainerItemProxy;
			containerPortal = D1B6D6E31D7D10C400C3E647 /* Project object */;
			proxyType = 1;
			remoteGlobalIDString = D1B6D6EA1D7D10C400C3E647;
			remoteInfo = HBMobileProject;
		};
		D1B6D7101D7D10C500C3E647 /* PBXContainerItemProxy */ = {
			isa = PBXContainerItemProxy;
			containerPortal = D1B6D6E31D7D10C400C3E647 /* Project object */;
			proxyType = 1;
			remoteGlobalIDString = D1B6D6EA1D7D10C400C3E647;
			remoteInfo = HBMobileProject;
		};
/* End PBXContainerItemProxy section */

/* Begin PBXFileReference section */
		D11853731D7EC3B900D1EA92 /* LogInViewController.h */ = {isa = PBXFileReference; fileEncoding = 4; lastKnownFileType = sourcecode.c.h; path = LogInViewController.h; sourceTree = "<group>"; };
		D11853741D7EC3B900D1EA92 /* LogInViewController.m */ = {isa = PBXFileReference; fileEncoding = 4; lastKnownFileType = sourcecode.c.objc; path = LogInViewController.m; sourceTree = "<group>"; };
		D11853771D7EC6AA00D1EA92 /* CommonMacro.h */ = {isa = PBXFileReference; lastKnownFileType = sourcecode.c.h; path = CommonMacro.h; sourceTree = "<group>"; };
		D13B588A1D7EEBAA005D89FA /* CYLConstants.h */ = {isa = PBXFileReference; fileEncoding = 4; lastKnownFileType = sourcecode.c.h; path = CYLConstants.h; sourceTree = "<group>"; };
		D13B588B1D7EEBAA005D89FA /* CYLPlusButton.h */ = {isa = PBXFileReference; fileEncoding = 4; lastKnownFileType = sourcecode.c.h; path = CYLPlusButton.h; sourceTree = "<group>"; };
		D13B588C1D7EEBAA005D89FA /* CYLPlusButton.m */ = {isa = PBXFileReference; fileEncoding = 4; lastKnownFileType = sourcecode.c.objc; path = CYLPlusButton.m; sourceTree = "<group>"; };
		D13B588D1D7EEBAA005D89FA /* CYLTabBar.h */ = {isa = PBXFileReference; fileEncoding = 4; lastKnownFileType = sourcecode.c.h; path = CYLTabBar.h; sourceTree = "<group>"; };
		D13B588E1D7EEBAA005D89FA /* CYLTabBar.m */ = {isa = PBXFileReference; fileEncoding = 4; lastKnownFileType = sourcecode.c.objc; path = CYLTabBar.m; sourceTree = "<group>"; };
		D13B588F1D7EEBAA005D89FA /* CYLTabBarController.h */ = {isa = PBXFileReference; fileEncoding = 4; lastKnownFileType = sourcecode.c.h; path = CYLTabBarController.h; sourceTree = "<group>"; };
		D13B58901D7EEBAA005D89FA /* CYLTabBarController.m */ = {isa = PBXFileReference; fileEncoding = 4; lastKnownFileType = sourcecode.c.objc; path = CYLTabBarController.m; sourceTree = "<group>"; };
		D13B58911D7EEBAA005D89FA /* UIViewController+CYLTabBarControllerExtention.h */ = {isa = PBXFileReference; fileEncoding = 4; lastKnownFileType = sourcecode.c.h; path = "UIViewController+CYLTabBarControllerExtention.h"; sourceTree = "<group>"; };
		D13B58921D7EEBAA005D89FA /* UIViewController+CYLTabBarControllerExtention.m */ = {isa = PBXFileReference; fileEncoding = 4; lastKnownFileType = sourcecode.c.objc; path = "UIViewController+CYLTabBarControllerExtention.m"; sourceTree = "<group>"; };
		D13B58A21D7EF05B005D89FA /* DiscoverViewController.h */ = {isa = PBXFileReference; fileEncoding = 4; lastKnownFileType = sourcecode.c.h; path = DiscoverViewController.h; sourceTree = "<group>"; };
		D13B58A31D7EF05B005D89FA /* DiscoverViewController.m */ = {isa = PBXFileReference; fileEncoding = 4; lastKnownFileType = sourcecode.c.objc; path = DiscoverViewController.m; sourceTree = "<group>"; };
		D13B58A81D7EF093005D89FA /* MessageViewController.h */ = {isa = PBXFileReference; fileEncoding = 4; lastKnownFileType = sourcecode.c.h; path = MessageViewController.h; sourceTree = "<group>"; };
		D13B58A91D7EF093005D89FA /* MessageViewController.m */ = {isa = PBXFileReference; fileEncoding = 4; lastKnownFileType = sourcecode.c.objc; path = MessageViewController.m; sourceTree = "<group>"; };
		D13B58AB1D7EF0A1005D89FA /* MineViewController.h */ = {isa = PBXFileReference; fileEncoding = 4; lastKnownFileType = sourcecode.c.h; path = MineViewController.h; sourceTree = "<group>"; };
		D13B58AC1D7EF0A1005D89FA /* MineViewController.m */ = {isa = PBXFileReference; fileEncoding = 4; lastKnownFileType = sourcecode.c.objc; path = MineViewController.m; sourceTree = "<group>"; };
		D13B58AE1D7EF1F3005D89FA /* ConfigTabBarController.h */ = {isa = PBXFileReference; fileEncoding = 4; lastKnownFileType = sourcecode.c.h; path = ConfigTabBarController.h; sourceTree = "<group>"; };
		D13B58AF1D7EF1F3005D89FA /* ConfigTabBarController.m */ = {isa = PBXFileReference; fileEncoding = 4; lastKnownFileType = sourcecode.c.objc; path = ConfigTabBarController.m; sourceTree = "<group>"; };
		D13B58BC1D7FC725005D89FA /* HomeViewController.h */ = {isa = PBXFileReference; fileEncoding = 4; lastKnownFileType = sourcecode.c.h; path = HomeViewController.h; sourceTree = "<group>"; };
		D13B58BD1D7FC725005D89FA /* HomeViewController.m */ = {isa = PBXFileReference; fileEncoding = 4; lastKnownFileType = sourcecode.c.objc; path = HomeViewController.m; sourceTree = "<group>"; };
		D13B58C71D7FCD8A005D89FA /* PublishButton.h */ = {isa = PBXFileReference; fileEncoding = 4; lastKnownFileType = sourcecode.c.h; path = PublishButton.h; sourceTree = "<group>"; };
		D13B58C81D7FCD8A005D89FA /* PublishButton.m */ = {isa = PBXFileReference; fileEncoding = 4; lastKnownFileType = sourcecode.c.objc; path = PublishButton.m; sourceTree = "<group>"; };
		D13B58CA1D7FEC74005D89FA /* PchFile.pch */ = {isa = PBXFileReference; lastKnownFileType = sourcecode.c.h; path = PchFile.pch; sourceTree = "<group>"; };
		D13B58D31D7FF7F9005D89FA /* ViewController.h */ = {isa = PBXFileReference; fileEncoding = 4; lastKnownFileType = sourcecode.c.h; path = ViewController.h; sourceTree = "<group>"; };
		D13B58D41D7FF7F9005D89FA /* ViewController.m */ = {isa = PBXFileReference; fileEncoding = 4; lastKnownFileType = sourcecode.c.objc; path = ViewController.m; sourceTree = "<group>"; };
		D13B58D91D7FFA6F005D89FA /* Base */ = {isa = PBXFileReference; lastKnownFileType = text.plist.strings; name = Base; path = Base.lproj/Localizable.strings; sourceTree = "<group>"; };
		D13B58DE1D8001E5005D89FA /* PublishMovieViewController.h */ = {isa = PBXFileReference; fileEncoding = 4; lastKnownFileType = sourcecode.c.h; path = PublishMovieViewController.h; sourceTree = "<group>"; };
		D13B58DF1D8001E5005D89FA /* PublishMovieViewController.m */ = {isa = PBXFileReference; fileEncoding = 4; lastKnownFileType = sourcecode.c.objc; path = PublishMovieViewController.m; sourceTree = "<group>"; };
		D13B58E41D800B53005D89FA /* ConfigMovieViewController.h */ = {isa = PBXFileReference; fileEncoding = 4; lastKnownFileType = sourcecode.c.h; path = ConfigMovieViewController.h; sourceTree = "<group>"; };
		D13B58E51D800B53005D89FA /* ConfigMovieViewController.m */ = {isa = PBXFileReference; fileEncoding = 4; lastKnownFileType = sourcecode.c.objc; path = ConfigMovieViewController.m; sourceTree = "<group>"; };
		D13B58E61D800B53005D89FA /* ConfigMovieViewController.xib */ = {isa = PBXFileReference; fileEncoding = 4; lastKnownFileType = file.xib; path = ConfigMovieViewController.xib; sourceTree = "<group>"; };
		D13B58E91D801985005D89FA /* UploadMovieViewController.h */ = {isa = PBXFileReference; fileEncoding = 4; lastKnownFileType = sourcecode.c.h; path = UploadMovieViewController.h; sourceTree = "<group>"; };
		D13B58EA1D801985005D89FA /* UploadMovieViewController.m */ = {isa = PBXFileReference; fileEncoding = 4; lastKnownFileType = sourcecode.c.objc; path = UploadMovieViewController.m; sourceTree = "<group>"; };
		D13B58EF1D8100F3005D89FA /* QPSDK.bundle */ = {isa = PBXFileReference; lastKnownFileType = "wrapper.plug-in"; path = QPSDK.bundle; sourceTree = "<group>"; };
		D13B58F01D8100F3005D89FA /* QPSDK.framework */ = {isa = PBXFileReference; lastKnownFileType = wrapper.framework; path = QPSDK.framework; sourceTree = "<group>"; };
		D13B58F31D8105A7005D89FA /* SysConfig.h */ = {isa = PBXFileReference; fileEncoding = 4; lastKnownFileType = sourcecode.c.h; path = SysConfig.h; sourceTree = "<group>"; };
		D13B58F71D8107FA005D89FA /* API.h */ = {isa = PBXFileReference; lastKnownFileType = sourcecode.c.h; path = API.h; sourceTree = "<group>"; };
		D13B58FB1D814485005D89FA /* watermask.png */ = {isa = PBXFileReference; lastKnownFileType = image.png; path = watermask.png; sourceTree = "<group>"; };
		D13B590F1D8162BE005D89FA /* MoreMusicViewController.h */ = {isa = PBXFileReference; fileEncoding = 4; lastKnownFileType = sourcecode.c.h; path = MoreMusicViewController.h; sourceTree = "<group>"; };
		D13B59101D8162BE005D89FA /* MoreMusicViewController.m */ = {isa = PBXFileReference; fileEncoding = 4; lastKnownFileType = sourcecode.c.objc; path = MoreMusicViewController.m; sourceTree = "<group>"; };
		D13B59131D816863005D89FA /* String.h */ = {isa = PBXFileReference; fileEncoding = 4; lastKnownFileType = sourcecode.c.h; path = String.h; sourceTree = "<group>"; };
		D13B59141D816863005D89FA /* String.m */ = {isa = PBXFileReference; fileEncoding = 4; lastKnownFileType = sourcecode.c.objc; path = String.m; sourceTree = "<group>"; };
		D13B59161D816863005D89FA /* UIImage+RoundedCorner.h */ = {isa = PBXFileReference; fileEncoding = 4; lastKnownFileType = sourcecode.c.h; path = "UIImage+RoundedCorner.h"; sourceTree = "<group>"; };
		D13B59171D816863005D89FA /* UIImage+RoundedCorner.m */ = {isa = PBXFileReference; fileEncoding = 4; lastKnownFileType = sourcecode.c.objc; path = "UIImage+RoundedCorner.m"; sourceTree = "<group>"; };
		D13B59191D816863005D89FA /* UIView+Gesture.h */ = {isa = PBXFileReference; fileEncoding = 4; lastKnownFileType = sourcecode.c.h; path = "UIView+Gesture.h"; sourceTree = "<group>"; };
		D13B591A1D816863005D89FA /* UIView+Gesture.m */ = {isa = PBXFileReference; fileEncoding = 4; lastKnownFileType = sourcecode.c.objc; path = "UIView+Gesture.m"; sourceTree = "<group>"; };
		D13B59351D81A596005D89FA /* music2.json */ = {isa = PBXFileReference; fileEncoding = 4; lastKnownFileType = text.json; path = music2.json; sourceTree = "<group>"; };
		D13B59361D81A596005D89FA /* music1.json */ = {isa = PBXFileReference; fileEncoding = 4; lastKnownFileType = text.json; path = music1.json; sourceTree = "<group>"; };
		D13B59371D81A596005D89FA /* music */ = {isa = PBXFileReference; lastKnownFileType = folder; path = music; sourceTree = "<group>"; };
		D13B593B1D81AAA9005D89FA /* UploadMovieCell.h */ = {isa = PBXFileReference; fileEncoding = 4; lastKnownFileType = sourcecode.c.h; path = UploadMovieCell.h; sourceTree = "<group>"; };
		D13B593C1D81AAA9005D89FA /* UploadMovieCell.m */ = {isa = PBXFileReference; fileEncoding = 4; lastKnownFileType = sourcecode.c.objc; path = UploadMovieCell.m; sourceTree = "<group>"; };
		D13B593E1D82602F005D89FA /* UIImage+fixOrientation.h */ = {isa = PBXFileReference; fileEncoding = 4; lastKnownFileType = sourcecode.c.h; path = "UIImage+fixOrientation.h"; sourceTree = "<group>"; };
		D13B593F1D82602F005D89FA /* UIImage+fixOrientation.m */ = {isa = PBXFileReference; fileEncoding = 4; lastKnownFileType = sourcecode.c.objc; path = "UIImage+fixOrientation.m"; sourceTree = "<group>"; };
		D13B59411D826A4A005D89FA /* MoreMusicCell.h */ = {isa = PBXFileReference; fileEncoding = 4; lastKnownFileType = sourcecode.c.h; path = MoreMusicCell.h; sourceTree = "<group>"; };
		D13B59421D826A4A005D89FA /* MoreMusicCell.m */ = {isa = PBXFileReference; fileEncoding = 4; lastKnownFileType = sourcecode.c.objc; path = MoreMusicCell.m; sourceTree = "<group>"; };
		D13B59441D829AA8005D89FA /* UIViewExt.h */ = {isa = PBXFileReference; fileEncoding = 4; lastKnownFileType = sourcecode.c.h; path = UIViewExt.h; sourceTree = "<group>"; };
		D13B59451D829AA8005D89FA /* UIViewExt.m */ = {isa = PBXFileReference; fileEncoding = 4; lastKnownFileType = sourcecode.c.objc; path = UIViewExt.m; sourceTree = "<group>"; };
		D13B594A1D829C3D005D89FA /* UserDefaultKeys.h */ = {isa = PBXFileReference; fileEncoding = 4; lastKnownFileType = sourcecode.c.h; path = UserDefaultKeys.h; sourceTree = "<group>"; };
		D13B594B1D829C3D005D89FA /* UserDefaultKeys.m */ = {isa = PBXFileReference; fileEncoding = 4; lastKnownFileType = sourcecode.c.objc; path = UserDefaultKeys.m; sourceTree = "<group>"; };
		D13B594D1D82CC88005D89FA /* UIImage+Categories.h */ = {isa = PBXFileReference; fileEncoding = 4; lastKnownFileType = sourcecode.c.h; path = "UIImage+Categories.h"; sourceTree = "<group>"; };
		D13B594E1D82CC88005D89FA /* UIImage+Categories.m */ = {isa = PBXFileReference; fileEncoding = 4; lastKnownFileType = sourcecode.c.objc; path = "UIImage+Categories.m"; sourceTree = "<group>"; };
		D13B59501D82DC30005D89FA /* CustomTipsView.h */ = {isa = PBXFileReference; fileEncoding = 4; lastKnownFileType = sourcecode.c.h; path = CustomTipsView.h; sourceTree = "<group>"; };
		D13B59511D82DC31005D89FA /* CustomTipsView.m */ = {isa = PBXFileReference; fileEncoding = 4; lastKnownFileType = sourcecode.c.objc; path = CustomTipsView.m; sourceTree = "<group>"; };
		D13B59541D82DD61005D89FA /* NSString+Extend.h */ = {isa = PBXFileReference; fileEncoding = 4; lastKnownFileType = sourcecode.c.h; path = "NSString+Extend.h"; sourceTree = "<group>"; };
		D13B59551D82DD61005D89FA /* NSString+Extend.m */ = {isa = PBXFileReference; fileEncoding = 4; lastKnownFileType = sourcecode.c.objc; path = "NSString+Extend.m"; sourceTree = "<group>"; };
		D13B5A5B1D82F602005D89FA /* LoopProgressView.h */ = {isa = PBXFileReference; fileEncoding = 4; lastKnownFileType = sourcecode.c.h; path = LoopProgressView.h; sourceTree = "<group>"; };
		D13B5A5C1D82F602005D89FA /* LoopProgressView.m */ = {isa = PBXFileReference; fileEncoding = 4; lastKnownFileType = sourcecode.c.objc; path = LoopProgressView.m; sourceTree = "<group>"; };
		D13B5A5E1D82F901005D89FA /* StatusBarHUD.h */ = {isa = PBXFileReference; fileEncoding = 4; lastKnownFileType = sourcecode.c.h; path = StatusBarHUD.h; sourceTree = "<group>"; };
		D13B5A5F1D82F901005D89FA /* StatusBarHUD.m */ = {isa = PBXFileReference; fileEncoding = 4; lastKnownFileType = sourcecode.c.objc; path = StatusBarHUD.m; sourceTree = "<group>"; };
		D13B5A6B1D82FDAA005D89FA /* UIControl+ClickDelay.h */ = {isa = PBXFileReference; fileEncoding = 4; lastKnownFileType = sourcecode.c.h; name = "UIControl+ClickDelay.h"; path = "UIControl/UIControl+ClickDelay.h"; sourceTree = "<group>"; };
		D13B5A6C1D82FDAA005D89FA /* UIControl+ClickDelay.m */ = {isa = PBXFileReference; fileEncoding = 4; lastKnownFileType = sourcecode.c.objc; name = "UIControl+ClickDelay.m"; path = "UIControl/UIControl+ClickDelay.m"; sourceTree = "<group>"; };
		D13B5A6E1D82FEE0005D89FA /* YMSuccessView.h */ = {isa = PBXFileReference; fileEncoding = 4; lastKnownFileType = sourcecode.c.h; path = YMSuccessView.h; sourceTree = "<group>"; };
		D13B5A6F1D82FEE0005D89FA /* YMSuccessView.m */ = {isa = PBXFileReference; fileEncoding = 4; lastKnownFileType = sourcecode.c.objc; path = YMSuccessView.m; sourceTree = "<group>"; };
		D13B5A741D82FF8A005D89FA /* YMChangeAccountSuccessView.h */ = {isa = PBXFileReference; fileEncoding = 4; lastKnownFileType = sourcecode.c.h; path = YMChangeAccountSuccessView.h; sourceTree = "<group>"; };
		D13B5A751D82FF8A005D89FA /* YMChangeAccountSuccessView.m */ = {isa = PBXFileReference; fileEncoding = 4; lastKnownFileType = sourcecode.c.objc; path = YMChangeAccountSuccessView.m; sourceTree = "<group>"; };
		D13B5A771D830109005D89FA /* MPTools.h */ = {isa = PBXFileReference; fileEncoding = 4; lastKnownFileType = sourcecode.c.h; path = MPTools.h; sourceTree = "<group>"; };
		D13B5A781D830109005D89FA /* MPTools.m */ = {isa = PBXFileReference; fileEncoding = 4; lastKnownFileType = sourcecode.c.objc; path = MPTools.m; sourceTree = "<group>"; };
		D13B5ABD1D840DF2005D89FA /* Reveal.framework */ = {isa = PBXFileReference; lastKnownFileType = wrapper.framework; path = Reveal.framework; sourceTree = "<group>"; };
		D13B5ABF1D840E08005D89FA /* libz.tbd */ = {isa = PBXFileReference; lastKnownFileType = "sourcecode.text-based-dylib-definition"; name = libz.tbd; path = usr/lib/libz.tbd; sourceTree = SDKROOT; };
		D1B6D6EB1D7D10C400C3E647 /* HBMobileProject.app */ = {isa = PBXFileReference; explicitFileType = wrapper.application; includeInIndex = 0; path = HBMobileProject.app; sourceTree = BUILT_PRODUCTS_DIR; };
		D1B6D6EF1D7D10C500C3E647 /* main.m */ = {isa = PBXFileReference; lastKnownFileType = sourcecode.c.objc; path = main.m; sourceTree = "<group>"; };
		D1B6D6F11D7D10C500C3E647 /* AppDelegate.h */ = {isa = PBXFileReference; lastKnownFileType = sourcecode.c.h; name = AppDelegate.h; path = ../../AppDelegate.h; sourceTree = "<group>"; };
		D1B6D6F21D7D10C500C3E647 /* AppDelegate.m */ = {isa = PBXFileReference; lastKnownFileType = sourcecode.c.objc; name = AppDelegate.m; path = ../../AppDelegate.m; sourceTree = "<group>"; };
		D1B6D6F81D7D10C500C3E647 /* Base */ = {isa = PBXFileReference; lastKnownFileType = file.storyboard; name = Base; path = Base.lproj/Main.storyboard; sourceTree = "<group>"; };
		D1B6D6FA1D7D10C500C3E647 /* Assets.xcassets */ = {isa = PBXFileReference; lastKnownFileType = folder.assetcatalog; path = Assets.xcassets; sourceTree = "<group>"; };
		D1B6D6FD1D7D10C500C3E647 /* Base */ = {isa = PBXFileReference; lastKnownFileType = file.storyboard; name = Base; path = Base.lproj/LaunchScreen.storyboard; sourceTree = "<group>"; };
		D1B6D6FF1D7D10C500C3E647 /* Info.plist */ = {isa = PBXFileReference; lastKnownFileType = text.plist.xml; name = Info.plist; path = ../../Info.plist; sourceTree = "<group>"; };
		D1B6D7041D7D10C500C3E647 /* HBMobileProjectTests.xctest */ = {isa = PBXFileReference; explicitFileType = wrapper.cfbundle; includeInIndex = 0; path = HBMobileProjectTests.xctest; sourceTree = BUILT_PRODUCTS_DIR; };
		D1B6D7081D7D10C500C3E647 /* HBMobileProjectTests.m */ = {isa = PBXFileReference; lastKnownFileType = sourcecode.c.objc; path = HBMobileProjectTests.m; sourceTree = "<group>"; };
		D1B6D70A1D7D10C500C3E647 /* Info.plist */ = {isa = PBXFileReference; lastKnownFileType = text.plist.xml; path = Info.plist; sourceTree = "<group>"; };
		D1B6D70F1D7D10C500C3E647 /* HBMobileProjectUITests.xctest */ = {isa = PBXFileReference; explicitFileType = wrapper.cfbundle; includeInIndex = 0; path = HBMobileProjectUITests.xctest; sourceTree = BUILT_PRODUCTS_DIR; };
		D1B6D7131D7D10C500C3E647 /* HBMobileProjectUITests.m */ = {isa = PBXFileReference; lastKnownFileType = sourcecode.c.objc; path = HBMobileProjectUITests.m; sourceTree = "<group>"; };
		D1B6D7151D7D10C500C3E647 /* Info.plist */ = {isa = PBXFileReference; lastKnownFileType = text.plist.xml; path = Info.plist; sourceTree = "<group>"; };
		D1B6D7361D7D11D400C3E647 /* BaseViewController.h */ = {isa = PBXFileReference; fileEncoding = 4; lastKnownFileType = sourcecode.c.h; path = BaseViewController.h; sourceTree = "<group>"; };
		D1B6D7371D7D11D400C3E647 /* BaseViewController.m */ = {isa = PBXFileReference; fileEncoding = 4; lastKnownFileType = sourcecode.c.objc; path = BaseViewController.m; sourceTree = "<group>"; };
		D1B6D7541D7D136300C3E647 /* Note.h */ = {isa = PBXFileReference; lastKnownFileType = sourcecode.c.h; path = Note.h; sourceTree = "<group>"; };
		D1B6D7561D7D154700C3E647 /* MASCompositeConstraint.h */ = {isa = PBXFileReference; fileEncoding = 4; lastKnownFileType = sourcecode.c.h; path = MASCompositeConstraint.h; sourceTree = "<group>"; };
		D1B6D7571D7D154700C3E647 /* MASCompositeConstraint.m */ = {isa = PBXFileReference; fileEncoding = 4; lastKnownFileType = sourcecode.c.objc; path = MASCompositeConstraint.m; sourceTree = "<group>"; };
		D1B6D7581D7D154700C3E647 /* MASConstraint+Private.h */ = {isa = PBXFileReference; fileEncoding = 4; lastKnownFileType = sourcecode.c.h; path = "MASConstraint+Private.h"; sourceTree = "<group>"; };
		D1B6D7591D7D154700C3E647 /* MASConstraint.h */ = {isa = PBXFileReference; fileEncoding = 4; lastKnownFileType = sourcecode.c.h; path = MASConstraint.h; sourceTree = "<group>"; };
		D1B6D75A1D7D154700C3E647 /* MASConstraint.m */ = {isa = PBXFileReference; fileEncoding = 4; lastKnownFileType = sourcecode.c.objc; path = MASConstraint.m; sourceTree = "<group>"; };
		D1B6D75B1D7D154700C3E647 /* MASConstraintMaker.h */ = {isa = PBXFileReference; fileEncoding = 4; lastKnownFileType = sourcecode.c.h; path = MASConstraintMaker.h; sourceTree = "<group>"; };
		D1B6D75C1D7D154700C3E647 /* MASConstraintMaker.m */ = {isa = PBXFileReference; fileEncoding = 4; lastKnownFileType = sourcecode.c.objc; path = MASConstraintMaker.m; sourceTree = "<group>"; };
		D1B6D75D1D7D154700C3E647 /* MASLayoutConstraint.h */ = {isa = PBXFileReference; fileEncoding = 4; lastKnownFileType = sourcecode.c.h; path = MASLayoutConstraint.h; sourceTree = "<group>"; };
		D1B6D75E1D7D154700C3E647 /* MASLayoutConstraint.m */ = {isa = PBXFileReference; fileEncoding = 4; lastKnownFileType = sourcecode.c.objc; path = MASLayoutConstraint.m; sourceTree = "<group>"; };
		D1B6D75F1D7D154700C3E647 /* Masonry.h */ = {isa = PBXFileReference; fileEncoding = 4; lastKnownFileType = sourcecode.c.h; path = Masonry.h; sourceTree = "<group>"; };
		D1B6D7601D7D154700C3E647 /* MASUtilities.h */ = {isa = PBXFileReference; fileEncoding = 4; lastKnownFileType = sourcecode.c.h; path = MASUtilities.h; sourceTree = "<group>"; };
		D1B6D7611D7D154700C3E647 /* MASViewAttribute.h */ = {isa = PBXFileReference; fileEncoding = 4; lastKnownFileType = sourcecode.c.h; path = MASViewAttribute.h; sourceTree = "<group>"; };
		D1B6D7621D7D154700C3E647 /* MASViewAttribute.m */ = {isa = PBXFileReference; fileEncoding = 4; lastKnownFileType = sourcecode.c.objc; path = MASViewAttribute.m; sourceTree = "<group>"; };
		D1B6D7631D7D154700C3E647 /* MASViewConstraint.h */ = {isa = PBXFileReference; fileEncoding = 4; lastKnownFileType = sourcecode.c.h; path = MASViewConstraint.h; sourceTree = "<group>"; };
		D1B6D7641D7D154700C3E647 /* MASViewConstraint.m */ = {isa = PBXFileReference; fileEncoding = 4; lastKnownFileType = sourcecode.c.objc; path = MASViewConstraint.m; sourceTree = "<group>"; };
		D1B6D7651D7D154700C3E647 /* NSArray+MASAdditions.h */ = {isa = PBXFileReference; fileEncoding = 4; lastKnownFileType = sourcecode.c.h; path = "NSArray+MASAdditions.h"; sourceTree = "<group>"; };
		D1B6D7661D7D154700C3E647 /* NSArray+MASAdditions.m */ = {isa = PBXFileReference; fileEncoding = 4; lastKnownFileType = sourcecode.c.objc; path = "NSArray+MASAdditions.m"; sourceTree = "<group>"; };
		D1B6D7671D7D154700C3E647 /* NSArray+MASShorthandAdditions.h */ = {isa = PBXFileReference; fileEncoding = 4; lastKnownFileType = sourcecode.c.h; path = "NSArray+MASShorthandAdditions.h"; sourceTree = "<group>"; };
		D1B6D7681D7D154700C3E647 /* NSLayoutConstraint+MASDebugAdditions.h */ = {isa = PBXFileReference; fileEncoding = 4; lastKnownFileType = sourcecode.c.h; path = "NSLayoutConstraint+MASDebugAdditions.h"; sourceTree = "<group>"; };
		D1B6D7691D7D154700C3E647 /* NSLayoutConstraint+MASDebugAdditions.m */ = {isa = PBXFileReference; fileEncoding = 4; lastKnownFileType = sourcecode.c.objc; path = "NSLayoutConstraint+MASDebugAdditions.m"; sourceTree = "<group>"; };
		D1B6D76A1D7D154700C3E647 /* View+MASAdditions.h */ = {isa = PBXFileReference; fileEncoding = 4; lastKnownFileType = sourcecode.c.h; path = "View+MASAdditions.h"; sourceTree = "<group>"; };
		D1B6D76B1D7D154700C3E647 /* View+MASAdditions.m */ = {isa = PBXFileReference; fileEncoding = 4; lastKnownFileType = sourcecode.c.objc; path = "View+MASAdditions.m"; sourceTree = "<group>"; };
		D1B6D76C1D7D154700C3E647 /* View+MASShorthandAdditions.h */ = {isa = PBXFileReference; fileEncoding = 4; lastKnownFileType = sourcecode.c.h; path = "View+MASShorthandAdditions.h"; sourceTree = "<group>"; };
		D1B6D76D1D7D154700C3E647 /* ViewController+MASAdditions.h */ = {isa = PBXFileReference; fileEncoding = 4; lastKnownFileType = sourcecode.c.h; path = "ViewController+MASAdditions.h"; sourceTree = "<group>"; };
		D1B6D76E1D7D154700C3E647 /* ViewController+MASAdditions.m */ = {isa = PBXFileReference; fileEncoding = 4; lastKnownFileType = sourcecode.c.objc; path = "ViewController+MASAdditions.m"; sourceTree = "<group>"; };
		D1B6D77A1D7D159600C3E647 /* Info.plist */ = {isa = PBXFileReference; fileEncoding = 4; lastKnownFileType = text.plist.xml; path = Info.plist; sourceTree = "<group>"; };
		D1B6D77B1D7D159600C3E647 /* MJExtension.h */ = {isa = PBXFileReference; fileEncoding = 4; lastKnownFileType = sourcecode.c.h; path = MJExtension.h; sourceTree = "<group>"; };
		D1B6D77C1D7D159600C3E647 /* MJExtensionConst.h */ = {isa = PBXFileReference; fileEncoding = 4; lastKnownFileType = sourcecode.c.h; path = MJExtensionConst.h; sourceTree = "<group>"; };
		D1B6D77D1D7D159600C3E647 /* MJExtensionConst.m */ = {isa = PBXFileReference; fileEncoding = 4; lastKnownFileType = sourcecode.c.objc; path = MJExtensionConst.m; sourceTree = "<group>"; };
		D1B6D77E1D7D159600C3E647 /* MJFoundation.h */ = {isa = PBXFileReference; fileEncoding = 4; lastKnownFileType = sourcecode.c.h; path = MJFoundation.h; sourceTree = "<group>"; };
		D1B6D77F1D7D159600C3E647 /* MJFoundation.m */ = {isa = PBXFileReference; fileEncoding = 4; lastKnownFileType = sourcecode.c.objc; path = MJFoundation.m; sourceTree = "<group>"; };
		D1B6D7801D7D159600C3E647 /* MJProperty.h */ = {isa = PBXFileReference; fileEncoding = 4; lastKnownFileType = sourcecode.c.h; path = MJProperty.h; sourceTree = "<group>"; };
		D1B6D7811D7D159600C3E647 /* MJProperty.m */ = {isa = PBXFileReference; fileEncoding = 4; lastKnownFileType = sourcecode.c.objc; path = MJProperty.m; sourceTree = "<group>"; };
		D1B6D7821D7D159600C3E647 /* MJPropertyKey.h */ = {isa = PBXFileReference; fileEncoding = 4; lastKnownFileType = sourcecode.c.h; path = MJPropertyKey.h; sourceTree = "<group>"; };
		D1B6D7831D7D159600C3E647 /* MJPropertyKey.m */ = {isa = PBXFileReference; fileEncoding = 4; lastKnownFileType = sourcecode.c.objc; path = MJPropertyKey.m; sourceTree = "<group>"; };
		D1B6D7841D7D159600C3E647 /* MJPropertyType.h */ = {isa = PBXFileReference; fileEncoding = 4; lastKnownFileType = sourcecode.c.h; path = MJPropertyType.h; sourceTree = "<group>"; };
		D1B6D7851D7D159600C3E647 /* MJPropertyType.m */ = {isa = PBXFileReference; fileEncoding = 4; lastKnownFileType = sourcecode.c.objc; path = MJPropertyType.m; sourceTree = "<group>"; };
		D1B6D7861D7D159600C3E647 /* NSObject+MJClass.h */ = {isa = PBXFileReference; fileEncoding = 4; lastKnownFileType = sourcecode.c.h; path = "NSObject+MJClass.h"; sourceTree = "<group>"; };
		D1B6D7871D7D159600C3E647 /* NSObject+MJClass.m */ = {isa = PBXFileReference; fileEncoding = 4; lastKnownFileType = sourcecode.c.objc; path = "NSObject+MJClass.m"; sourceTree = "<group>"; };
		D1B6D7881D7D159600C3E647 /* NSObject+MJCoding.h */ = {isa = PBXFileReference; fileEncoding = 4; lastKnownFileType = sourcecode.c.h; path = "NSObject+MJCoding.h"; sourceTree = "<group>"; };
		D1B6D7891D7D159600C3E647 /* NSObject+MJCoding.m */ = {isa = PBXFileReference; fileEncoding = 4; lastKnownFileType = sourcecode.c.objc; path = "NSObject+MJCoding.m"; sourceTree = "<group>"; };
		D1B6D78A1D7D159600C3E647 /* NSObject+MJKeyValue.h */ = {isa = PBXFileReference; fileEncoding = 4; lastKnownFileType = sourcecode.c.h; path = "NSObject+MJKeyValue.h"; sourceTree = "<group>"; };
		D1B6D78B1D7D159600C3E647 /* NSObject+MJKeyValue.m */ = {isa = PBXFileReference; fileEncoding = 4; lastKnownFileType = sourcecode.c.objc; path = "NSObject+MJKeyValue.m"; sourceTree = "<group>"; };
		D1B6D78C1D7D159600C3E647 /* NSObject+MJProperty.h */ = {isa = PBXFileReference; fileEncoding = 4; lastKnownFileType = sourcecode.c.h; path = "NSObject+MJProperty.h"; sourceTree = "<group>"; };
		D1B6D78D1D7D159600C3E647 /* NSObject+MJProperty.m */ = {isa = PBXFileReference; fileEncoding = 4; lastKnownFileType = sourcecode.c.objc; path = "NSObject+MJProperty.m"; sourceTree = "<group>"; };
		D1B6D78E1D7D159600C3E647 /* NSString+MJExtension.h */ = {isa = PBXFileReference; fileEncoding = 4; lastKnownFileType = sourcecode.c.h; path = "NSString+MJExtension.h"; sourceTree = "<group>"; };
		D1B6D78F1D7D159600C3E647 /* NSString+MJExtension.m */ = {isa = PBXFileReference; fileEncoding = 4; lastKnownFileType = sourcecode.c.objc; path = "NSString+MJExtension.m"; sourceTree = "<group>"; };
/* End PBXFileReference section */

/* Begin PBXFrameworksBuildPhase section */
		D1B6D6E81D7D10C400C3E647 /* Frameworks */ = {
			isa = PBXFrameworksBuildPhase;
			buildActionMask = 2147483647;
			files = (
				D13B5AC01D840E08005D89FA /* libz.tbd in Frameworks */,
				D13B58F21D8100F3005D89FA /* QPSDK.framework in Frameworks */,
				D13B5ABE1D840DF2005D89FA /* Reveal.framework in Frameworks */,
			);
			runOnlyForDeploymentPostprocessing = 0;
		};
		D1B6D7011D7D10C500C3E647 /* Frameworks */ = {
			isa = PBXFrameworksBuildPhase;
			buildActionMask = 2147483647;
			files = (
			);
			runOnlyForDeploymentPostprocessing = 0;
		};
		D1B6D70C1D7D10C500C3E647 /* Frameworks */ = {
			isa = PBXFrameworksBuildPhase;
			buildActionMask = 2147483647;
			files = (
			);
			runOnlyForDeploymentPostprocessing = 0;
		};
/* End PBXFrameworksBuildPhase section */

/* Begin PBXGroup section */
		D118536E1D7EC37C00D1EA92 /* Discover */ = {
			isa = PBXGroup;
			children = (
				D118536F1D7EC37C00D1EA92 /* Controller */,
				D11853701D7EC37C00D1EA92 /* Model */,
				D11853711D7EC37C00D1EA92 /* Other */,
				D11853721D7EC37C00D1EA92 /* View */,
			);
			path = Discover;
			sourceTree = "<group>";
		};
		D118536F1D7EC37C00D1EA92 /* Controller */ = {
			isa = PBXGroup;
			children = (
				D13B58A21D7EF05B005D89FA /* DiscoverViewController.h */,
				D13B58A31D7EF05B005D89FA /* DiscoverViewController.m */,
			);
			path = Controller;
			sourceTree = "<group>";
		};
		D11853701D7EC37C00D1EA92 /* Model */ = {
			isa = PBXGroup;
			children = (
			);
			path = Model;
			sourceTree = "<group>";
		};
		D11853711D7EC37C00D1EA92 /* Other */ = {
			isa = PBXGroup;
			children = (
			);
			path = Other;
			sourceTree = "<group>";
		};
		D11853721D7EC37C00D1EA92 /* View */ = {
			isa = PBXGroup;
			children = (
			);
			path = View;
			sourceTree = "<group>";
		};
		D13B58811D7ECC32005D89FA /* Public */ = {
			isa = PBXGroup;
			children = (
				D13B58AE1D7EF1F3005D89FA /* ConfigTabBarController.h */,
				D13B58AF1D7EF1F3005D89FA /* ConfigTabBarController.m */,
			);
			path = Public;
			sourceTree = "<group>";
		};
		D13B58821D7ECC44005D89FA /* Helper */ = {
			isa = PBXGroup;
			children = (
			);
			path = Helper;
			sourceTree = "<group>";
		};
		D13B58891D7EEBAA005D89FA /* CYLTabBarController */ = {
			isa = PBXGroup;
			children = (
				D13B588A1D7EEBAA005D89FA /* CYLConstants.h */,
				D13B588B1D7EEBAA005D89FA /* CYLPlusButton.h */,
				D13B588C1D7EEBAA005D89FA /* CYLPlusButton.m */,
				D13B588D1D7EEBAA005D89FA /* CYLTabBar.h */,
				D13B588E1D7EEBAA005D89FA /* CYLTabBar.m */,
				D13B588F1D7EEBAA005D89FA /* CYLTabBarController.h */,
				D13B58901D7EEBAA005D89FA /* CYLTabBarController.m */,
				D13B58911D7EEBAA005D89FA /* UIViewController+CYLTabBarControllerExtention.h */,
				D13B58921D7EEBAA005D89FA /* UIViewController+CYLTabBarControllerExtention.m */,
			);
			path = CYLTabBarController;
			sourceTree = "<group>";
		};
		D13B589C1D7EEF89005D89FA /* Message */ = {
			isa = PBXGroup;
			children = (
				D13B589D1D7EEF89005D89FA /* Controller */,
				D13B589E1D7EEF89005D89FA /* Model */,
				D13B58A01D7EEF89005D89FA /* View */,
				D13B589F1D7EEF89005D89FA /* Other */,
			);
			path = Message;
			sourceTree = "<group>";
		};
		D13B589D1D7EEF89005D89FA /* Controller */ = {
			isa = PBXGroup;
			children = (
				D13B58A81D7EF093005D89FA /* MessageViewController.h */,
				D13B58A91D7EF093005D89FA /* MessageViewController.m */,
			);
			path = Controller;
			sourceTree = "<group>";
		};
		D13B589E1D7EEF89005D89FA /* Model */ = {
			isa = PBXGroup;
			children = (
			);
			path = Model;
			sourceTree = "<group>";
		};
		D13B589F1D7EEF89005D89FA /* Other */ = {
			isa = PBXGroup;
			children = (
			);
			path = Other;
			sourceTree = "<group>";
		};
		D13B58A01D7EEF89005D89FA /* View */ = {
			isa = PBXGroup;
			children = (
			);
			path = View;
			sourceTree = "<group>";
		};
		D13B58A11D7EEFC5005D89FA /* Module */ = {
			isa = PBXGroup;
			children = (
				D13B58BA1D7FC725005D89FA /* Home */,
				D13B589C1D7EEF89005D89FA /* Message */,
				D118536E1D7EC37C00D1EA92 /* Discover */,
				D1B6D7391D7D11D400C3E647 /* Mine */,
				D13B58C21D7FCD69005D89FA /* PublishCenter */,
			);
			name = Module;
			sourceTree = "<group>";
		};
		D13B58BA1D7FC725005D89FA /* Home */ = {
			isa = PBXGroup;
			children = (
				D13B58BB1D7FC725005D89FA /* Controller */,
				D13B58BE1D7FC725005D89FA /* Model */,
				D13B58BF1D7FC725005D89FA /* Other */,
				D13B58C01D7FC725005D89FA /* View */,
			);
			path = Home;
			sourceTree = "<group>";
		};
		D13B58BB1D7FC725005D89FA /* Controller */ = {
			isa = PBXGroup;
			children = (
				D13B58BC1D7FC725005D89FA /* HomeViewController.h */,
				D13B58BD1D7FC725005D89FA /* HomeViewController.m */,
			);
			path = Controller;
			sourceTree = "<group>";
		};
		D13B58BE1D7FC725005D89FA /* Model */ = {
			isa = PBXGroup;
			children = (
			);
			path = Model;
			sourceTree = "<group>";
		};
		D13B58BF1D7FC725005D89FA /* Other */ = {
			isa = PBXGroup;
			children = (
			);
			path = Other;
			sourceTree = "<group>";
		};
		D13B58C01D7FC725005D89FA /* View */ = {
			isa = PBXGroup;
			children = (
			);
			path = View;
			sourceTree = "<group>";
		};
		D13B58C21D7FCD69005D89FA /* PublishCenter */ = {
			isa = PBXGroup;
			children = (
				D13B58C71D7FCD8A005D89FA /* PublishButton.h */,
				D13B58C81D7FCD8A005D89FA /* PublishButton.m */,
				D13B58C31D7FCD69005D89FA /* Controller */,
				D13B58C61D7FCD69005D89FA /* View */,
				D13B58C41D7FCD69005D89FA /* Model */,
				D13B58C51D7FCD69005D89FA /* Other */,
			);
			path = PublishCenter;
			sourceTree = "<group>";
		};
		D13B58C31D7FCD69005D89FA /* Controller */ = {
			isa = PBXGroup;
			children = (
				D13B58DE1D8001E5005D89FA /* PublishMovieViewController.h */,
				D13B58DF1D8001E5005D89FA /* PublishMovieViewController.m */,
				D13B58E41D800B53005D89FA /* ConfigMovieViewController.h */,
				D13B58E51D800B53005D89FA /* ConfigMovieViewController.m */,
				D13B58E61D800B53005D89FA /* ConfigMovieViewController.xib */,
				D13B58E91D801985005D89FA /* UploadMovieViewController.h */,
				D13B58EA1D801985005D89FA /* UploadMovieViewController.m */,
				D13B590F1D8162BE005D89FA /* MoreMusicViewController.h */,
				D13B59101D8162BE005D89FA /* MoreMusicViewController.m */,
			);
			path = Controller;
			sourceTree = "<group>";
		};
		D13B58C41D7FCD69005D89FA /* Model */ = {
			isa = PBXGroup;
			children = (
			);
			path = Model;
			sourceTree = "<group>";
		};
		D13B58C51D7FCD69005D89FA /* Other */ = {
			isa = PBXGroup;
			children = (
			);
			path = Other;
			sourceTree = "<group>";
		};
		D13B58C61D7FCD69005D89FA /* View */ = {
			isa = PBXGroup;
			children = (
				D13B593B1D81AAA9005D89FA /* UploadMovieCell.h */,
				D13B593C1D81AAA9005D89FA /* UploadMovieCell.m */,
				D13B59411D826A4A005D89FA /* MoreMusicCell.h */,
				D13B59421D826A4A005D89FA /* MoreMusicCell.m */,
			);
			path = View;
			sourceTree = "<group>";
		};
		D13B58EE1D8100D9005D89FA /* QPSDK */ = {
			isa = PBXGroup;
			children = (
				D13B58F01D8100F3005D89FA /* QPSDK.framework */,
				D13B58EF1D8100F3005D89FA /* QPSDK.bundle */,
			);
			name = QPSDK;
			sourceTree = "<group>";
		};
		D13B58FA1D814475005D89FA /* Qupai */ = {
			isa = PBXGroup;
			children = (
				D13B58FB1D814485005D89FA /* watermask.png */,
			);
			name = Qupai;
			sourceTree = "<group>";
		};
		D13B59121D816863005D89FA /* String */ = {
			isa = PBXGroup;
			children = (
				D13B59131D816863005D89FA /* String.h */,
				D13B59141D816863005D89FA /* String.m */,
				D13B59541D82DD61005D89FA /* NSString+Extend.h */,
				D13B59551D82DD61005D89FA /* NSString+Extend.m */,
			);
			name = String;
			path = CheckBlankString;
			sourceTree = "<group>";
		};
		D13B59151D816863005D89FA /* UIImage */ = {
			isa = PBXGroup;
			children = (
				D13B59161D816863005D89FA /* UIImage+RoundedCorner.h */,
				D13B59171D816863005D89FA /* UIImage+RoundedCorner.m */,
				D13B593E1D82602F005D89FA /* UIImage+fixOrientation.h */,
				D13B593F1D82602F005D89FA /* UIImage+fixOrientation.m */,
				D13B594D1D82CC88005D89FA /* UIImage+Categories.h */,
				D13B594E1D82CC88005D89FA /* UIImage+Categories.m */,
			);
			name = UIImage;
			path = UIImageCategory;
			sourceTree = "<group>";
		};
		D13B59181D816863005D89FA /* UIView */ = {
			isa = PBXGroup;
			children = (
				D13B59441D829AA8005D89FA /* UIViewExt.h */,
				D13B59451D829AA8005D89FA /* UIViewExt.m */,
				D13B59191D816863005D89FA /* UIView+Gesture.h */,
				D13B591A1D816863005D89FA /* UIView+Gesture.m */,
			);
			name = UIView;
			path = UIViewCategory;
			sourceTree = "<group>";
		};
		D13B5A631D82FD39005D89FA /* UIButton */ = {
			isa = PBXGroup;
			children = (
			);
			path = UIButton;
			sourceTree = "<group>";
		};
		D13B5A671D82FD73005D89FA /* UIControl */ = {
			isa = PBXGroup;
			children = (
				D13B5A6B1D82FDAA005D89FA /* UIControl+ClickDelay.h */,
				D13B5A6C1D82FDAA005D89FA /* UIControl+ClickDelay.m */,
			);
			name = UIControl;
			sourceTree = "<group>";
		};
		D1B6D6E21D7D10C400C3E647 = {
			isa = PBXGroup;
			children = (
				D13B5ABF1D840E08005D89FA /* libz.tbd */,
				D1B6D6ED1D7D10C500C3E647 /* HBMobileProject */,
				D1B6D7071D7D10C500C3E647 /* HBMobileProjectTests */,
				D1B6D7121D7D10C500C3E647 /* HBMobileProjectUITests */,
				D1B6D6EC1D7D10C400C3E647 /* Products */,
			);
			sourceTree = "<group>";
		};
		D1B6D6EC1D7D10C400C3E647 /* Products */ = {
			isa = PBXGroup;
			children = (
				D1B6D6EB1D7D10C400C3E647 /* HBMobileProject.app */,
				D1B6D7041D7D10C500C3E647 /* HBMobileProjectTests.xctest */,
				D1B6D70F1D7D10C500C3E647 /* HBMobileProjectUITests.xctest */,
			);
			name = Products;
			sourceTree = "<group>";
		};
		D1B6D6ED1D7D10C500C3E647 /* HBMobileProject */ = {
			isa = PBXGroup;
			children = (
				D1B6D7541D7D136300C3E647 /* Note.h */,
				D1B6D7211D7D11D400C3E647 /* Main */,
				D1B6D7441D7D12AB00C3E647 /* Expand */,
				D1B6D74E1D7D130700C3E647 /* Vender */,
				D1B6D74F1D7D132600C3E647 /* Resource */,
				D1B6D6F71D7D10C500C3E647 /* Main.storyboard */,
				D13B5ABD1D840DF2005D89FA /* Reveal.framework */,
				D1B6D6FA1D7D10C500C3E647 /* Assets.xcassets */,
				D1B6D6FC1D7D10C500C3E647 /* LaunchScreen.storyboard */,
				D1B6D6EE1D7D10C500C3E647 /* Supporting Files */,
			);
			path = HBMobileProject;
			sourceTree = "<group>";
		};
		D1B6D6EE1D7D10C500C3E647 /* Supporting Files */ = {
			isa = PBXGroup;
			children = (
				D13B58DA1D7FFA6F005D89FA /* Localizable.strings */,
				D1B6D6EF1D7D10C500C3E647 /* main.m */,
				D13B58D31D7FF7F9005D89FA /* ViewController.h */,
				D13B58D41D7FF7F9005D89FA /* ViewController.m */,
			);
			name = "Supporting Files";
			sourceTree = "<group>";
		};
		D1B6D7071D7D10C500C3E647 /* HBMobileProjectTests */ = {
			isa = PBXGroup;
			children = (
				D1B6D7081D7D10C500C3E647 /* HBMobileProjectTests.m */,
				D1B6D70A1D7D10C500C3E647 /* Info.plist */,
			);
			path = HBMobileProjectTests;
			sourceTree = "<group>";
		};
		D1B6D7121D7D10C500C3E647 /* HBMobileProjectUITests */ = {
			isa = PBXGroup;
			children = (
				D1B6D7131D7D10C500C3E647 /* HBMobileProjectUITests.m */,
				D1B6D7151D7D10C500C3E647 /* Info.plist */,
			);
			path = HBMobileProjectUITests;
			sourceTree = "<group>";
		};
		D1B6D7211D7D11D400C3E647 /* Main */ = {
			isa = PBXGroup;
			children = (
				D1B6D7221D7D11D400C3E647 /* Appdelegate */,
				D13B58A11D7EEFC5005D89FA /* Module */,
				D1B6D7341D7D11D400C3E647 /* General */,
				D1B6D73E1D7D11D400C3E647 /* Other */,
			);
			path = Main;
			sourceTree = "<group>";
		};
		D1B6D7221D7D11D400C3E647 /* Appdelegate */ = {
			isa = PBXGroup;
			children = (
				D1B6D6F11D7D10C500C3E647 /* AppDelegate.h */,
				D1B6D6F21D7D10C500C3E647 /* AppDelegate.m */,
			);
			path = Appdelegate;
			sourceTree = "<group>";
		};
		D1B6D7341D7D11D400C3E647 /* General */ = {
			isa = PBXGroup;
			children = (
				D1B6D7351D7D11D400C3E647 /* Classes */,
				D1B6D7381D7D11D400C3E647 /* Views */,
			);
			path = General;
			sourceTree = "<group>";
		};
		D1B6D7351D7D11D400C3E647 /* Classes */ = {
			isa = PBXGroup;
			children = (
				D1B6D7361D7D11D400C3E647 /* BaseViewController.h */,
				D1B6D7371D7D11D400C3E647 /* BaseViewController.m */,
			);
			path = Classes;
			sourceTree = "<group>";
		};
		D1B6D7381D7D11D400C3E647 /* Views */ = {
			isa = PBXGroup;
			children = (
			);
			path = Views;
			sourceTree = "<group>";
		};
		D1B6D7391D7D11D400C3E647 /* Mine */ = {
			isa = PBXGroup;
			children = (
				D1B6D73A1D7D11D400C3E647 /* Controller */,
				D1B6D73B1D7D11D400C3E647 /* Model */,
				D1B6D73C1D7D11D400C3E647 /* Other */,
				D1B6D73D1D7D11D400C3E647 /* View */,
			);
			path = Mine;
			sourceTree = "<group>";
		};
		D1B6D73A1D7D11D400C3E647 /* Controller */ = {
			isa = PBXGroup;
			children = (
				D13B58AB1D7EF0A1005D89FA /* MineViewController.h */,
				D13B58AC1D7EF0A1005D89FA /* MineViewController.m */,
			);
			path = Controller;
			sourceTree = "<group>";
		};
		D1B6D73B1D7D11D400C3E647 /* Model */ = {
			isa = PBXGroup;
			children = (
			);
			path = Model;
			sourceTree = "<group>";
		};
		D1B6D73C1D7D11D400C3E647 /* Other */ = {
			isa = PBXGroup;
			children = (
			);
			path = Other;
			sourceTree = "<group>";
		};
		D1B6D73D1D7D11D400C3E647 /* View */ = {
			isa = PBXGroup;
			children = (
			);
			path = View;
			sourceTree = "<group>";
		};
		D1B6D73E1D7D11D400C3E647 /* Other */ = {
			isa = PBXGroup;
			children = (
				D13B58811D7ECC32005D89FA /* Public */,
				D13B58821D7ECC44005D89FA /* Helper */,
				D1B6D7401D7D11D400C3E647 /* Login */,
				D1B6D7411D7D11D400C3E647 /* Setting */,
			);
			path = Other;
			sourceTree = "<group>";
		};
		D1B6D7401D7D11D400C3E647 /* Login */ = {
			isa = PBXGroup;
			children = (
				D11853731D7EC3B900D1EA92 /* LogInViewController.h */,
				D11853741D7EC3B900D1EA92 /* LogInViewController.m */,
			);
			path = Login;
			sourceTree = "<group>";
		};
		D1B6D7411D7D11D400C3E647 /* Setting */ = {
			isa = PBXGroup;
			children = (
			);
			path = Setting;
			sourceTree = "<group>";
		};
		D1B6D7441D7D12AB00C3E647 /* Expand */ = {
			isa = PBXGroup;
			children = (
				D1B6D7451D7D12AB00C3E647 /* Category */,
				D1B6D7491D7D12AB00C3E647 /* DataBase */,
				D1B6D74B1D7D12AB00C3E647 /* Macros */,
				D1B6D7481D7D12AB00C3E647 /* Const */,
				D1B6D74C1D7D12AB00C3E647 /* Network */,
				D1B6D74D1D7D12AB00C3E647 /* Tool */,
			);
			path = Expand;
			sourceTree = "<group>";
		};
		D1B6D7451D7D12AB00C3E647 /* Category */ = {
			isa = PBXGroup;
			children = (
				D13B5A671D82FD73005D89FA /* UIControl */,
				D13B5A631D82FD39005D89FA /* UIButton */,
				D13B59121D816863005D89FA /* String */,
				D13B59151D816863005D89FA /* UIImage */,
				D13B59181D816863005D89FA /* UIView */,
			);
			path = Category;
			sourceTree = "<group>";
		};
		D1B6D7481D7D12AB00C3E647 /* Const */ = {
			isa = PBXGroup;
			children = (
				D13B594A1D829C3D005D89FA /* UserDefaultKeys.h */,
				D13B594B1D829C3D005D89FA /* UserDefaultKeys.m */,
			);
			path = Const;
			sourceTree = "<group>";
		};
		D1B6D7491D7D12AB00C3E647 /* DataBase */ = {
			isa = PBXGroup;
			children = (
			);
			path = DataBase;
			sourceTree = "<group>";
		};
		D1B6D74B1D7D12AB00C3E647 /* Macros */ = {
			isa = PBXGroup;
			children = (
				D13B58CA1D7FEC74005D89FA /* PchFile.pch */,
				D13B58F71D8107FA005D89FA /* API.h */,
				D11853771D7EC6AA00D1EA92 /* CommonMacro.h */,
				D13B58F31D8105A7005D89FA /* SysConfig.h */,
			);
			path = Macros;
			sourceTree = "<group>";
		};
		D1B6D74C1D7D12AB00C3E647 /* Network */ = {
			isa = PBXGroup;
			children = (
			);
			path = Network;
			sourceTree = "<group>";
		};
		D1B6D74D1D7D12AB00C3E647 /* Tool */ = {
			isa = PBXGroup;
			children = (
				D13B5A771D830109005D89FA /* MPTools.h */,
				D13B5A781D830109005D89FA /* MPTools.m */,
				D13B59501D82DC30005D89FA /* CustomTipsView.h */,
				D13B59511D82DC31005D89FA /* CustomTipsView.m */,
				D13B5A5B1D82F602005D89FA /* LoopProgressView.h */,
				D13B5A5C1D82F602005D89FA /* LoopProgressView.m */,
				D13B5A5E1D82F901005D89FA /* StatusBarHUD.h */,
				D13B5A5F1D82F901005D89FA /* StatusBarHUD.m */,
				D13B5A6E1D82FEE0005D89FA /* YMSuccessView.h */,
				D13B5A6F1D82FEE0005D89FA /* YMSuccessView.m */,
				D13B5A741D82FF8A005D89FA /* YMChangeAccountSuccessView.h */,
				D13B5A751D82FF8A005D89FA /* YMChangeAccountSuccessView.m */,
			);
			path = Tool;
			sourceTree = "<group>";
		};
		D1B6D74E1D7D130700C3E647 /* Vender */ = {
			isa = PBXGroup;
			children = (
				D13B58EE1D8100D9005D89FA /* QPSDK */,
				D13B58891D7EEBAA005D89FA /* CYLTabBarController */,
				D1B6D7791D7D159600C3E647 /* MJExtension */,
				D1B6D7551D7D154700C3E647 /* Masonry */,
			);
			path = Vender;
			sourceTree = "<group>";
		};
		D1B6D74F1D7D132600C3E647 /* Resource */ = {
			isa = PBXGroup;
			children = (
				D13B59371D81A596005D89FA /* music */,
				D13B59351D81A596005D89FA /* music2.json */,
				D13B59361D81A596005D89FA /* music1.json */,
				D1B6D7501D7D132600C3E647 /* Images */,
				D1B6D7521D7D132600C3E647 /* Plist */,
			);
			path = Resource;
			sourceTree = "<group>";
		};
		D1B6D7501D7D132600C3E647 /* Images */ = {
			isa = PBXGroup;
			children = (
				D13B58FA1D814475005D89FA /* Qupai */,
			);
			path = Images;
			sourceTree = "<group>";
		};
		D1B6D7521D7D132600C3E647 /* Plist */ = {
			isa = PBXGroup;
			children = (
				D1B6D6FF1D7D10C500C3E647 /* Info.plist */,
			);
			path = Plist;
			sourceTree = "<group>";
		};
		D1B6D7551D7D154700C3E647 /* Masonry */ = {
			isa = PBXGroup;
			children = (
				D1B6D7561D7D154700C3E647 /* MASCompositeConstraint.h */,
				D1B6D7571D7D154700C3E647 /* MASCompositeConstraint.m */,
				D1B6D7581D7D154700C3E647 /* MASConstraint+Private.h */,
				D1B6D7591D7D154700C3E647 /* MASConstraint.h */,
				D1B6D75A1D7D154700C3E647 /* MASConstraint.m */,
				D1B6D75B1D7D154700C3E647 /* MASConstraintMaker.h */,
				D1B6D75C1D7D154700C3E647 /* MASConstraintMaker.m */,
				D1B6D75D1D7D154700C3E647 /* MASLayoutConstraint.h */,
				D1B6D75E1D7D154700C3E647 /* MASLayoutConstraint.m */,
				D1B6D75F1D7D154700C3E647 /* Masonry.h */,
				D1B6D7601D7D154700C3E647 /* MASUtilities.h */,
				D1B6D7611D7D154700C3E647 /* MASViewAttribute.h */,
				D1B6D7621D7D154700C3E647 /* MASViewAttribute.m */,
				D1B6D7631D7D154700C3E647 /* MASViewConstraint.h */,
				D1B6D7641D7D154700C3E647 /* MASViewConstraint.m */,
				D1B6D7651D7D154700C3E647 /* NSArray+MASAdditions.h */,
				D1B6D7661D7D154700C3E647 /* NSArray+MASAdditions.m */,
				D1B6D7671D7D154700C3E647 /* NSArray+MASShorthandAdditions.h */,
				D1B6D7681D7D154700C3E647 /* NSLayoutConstraint+MASDebugAdditions.h */,
				D1B6D7691D7D154700C3E647 /* NSLayoutConstraint+MASDebugAdditions.m */,
				D1B6D76A1D7D154700C3E647 /* View+MASAdditions.h */,
				D1B6D76B1D7D154700C3E647 /* View+MASAdditions.m */,
				D1B6D76C1D7D154700C3E647 /* View+MASShorthandAdditions.h */,
				D1B6D76D1D7D154700C3E647 /* ViewController+MASAdditions.h */,
				D1B6D76E1D7D154700C3E647 /* ViewController+MASAdditions.m */,
			);
			path = Masonry;
			sourceTree = "<group>";
		};
		D1B6D7791D7D159600C3E647 /* MJExtension */ = {
			isa = PBXGroup;
			children = (
				D1B6D77A1D7D159600C3E647 /* Info.plist */,
				D1B6D77B1D7D159600C3E647 /* MJExtension.h */,
				D1B6D77C1D7D159600C3E647 /* MJExtensionConst.h */,
				D1B6D77D1D7D159600C3E647 /* MJExtensionConst.m */,
				D1B6D77E1D7D159600C3E647 /* MJFoundation.h */,
				D1B6D77F1D7D159600C3E647 /* MJFoundation.m */,
				D1B6D7801D7D159600C3E647 /* MJProperty.h */,
				D1B6D7811D7D159600C3E647 /* MJProperty.m */,
				D1B6D7821D7D159600C3E647 /* MJPropertyKey.h */,
				D1B6D7831D7D159600C3E647 /* MJPropertyKey.m */,
				D1B6D7841D7D159600C3E647 /* MJPropertyType.h */,
				D1B6D7851D7D159600C3E647 /* MJPropertyType.m */,
				D1B6D7861D7D159600C3E647 /* NSObject+MJClass.h */,
				D1B6D7871D7D159600C3E647 /* NSObject+MJClass.m */,
				D1B6D7881D7D159600C3E647 /* NSObject+MJCoding.h */,
				D1B6D7891D7D159600C3E647 /* NSObject+MJCoding.m */,
				D1B6D78A1D7D159600C3E647 /* NSObject+MJKeyValue.h */,
				D1B6D78B1D7D159600C3E647 /* NSObject+MJKeyValue.m */,
				D1B6D78C1D7D159600C3E647 /* NSObject+MJProperty.h */,
				D1B6D78D1D7D159600C3E647 /* NSObject+MJProperty.m */,
				D1B6D78E1D7D159600C3E647 /* NSString+MJExtension.h */,
				D1B6D78F1D7D159600C3E647 /* NSString+MJExtension.m */,
			);
			path = MJExtension;
			sourceTree = "<group>";
		};
/* End PBXGroup section */

/* Begin PBXNativeTarget section */
		D1B6D6EA1D7D10C400C3E647 /* HBMobileProject */ = {
			isa = PBXNativeTarget;
			buildConfigurationList = D1B6D7181D7D10C500C3E647 /* Build configuration list for PBXNativeTarget "HBMobileProject" */;
			buildPhases = (
				D1B6D6E71D7D10C400C3E647 /* Sources */,
				D1B6D6E81D7D10C400C3E647 /* Frameworks */,
				D1B6D6E91D7D10C400C3E647 /* Resources */,
			);
			buildRules = (
			);
			dependencies = (
			);
			name = HBMobileProject;
			productName = HBMobileProject;
			productReference = D1B6D6EB1D7D10C400C3E647 /* HBMobileProject.app */;
			productType = "com.apple.product-type.application";
		};
		D1B6D7031D7D10C500C3E647 /* HBMobileProjectTests */ = {
			isa = PBXNativeTarget;
			buildConfigurationList = D1B6D71B1D7D10C500C3E647 /* Build configuration list for PBXNativeTarget "HBMobileProjectTests" */;
			buildPhases = (
				D1B6D7001D7D10C500C3E647 /* Sources */,
				D1B6D7011D7D10C500C3E647 /* Frameworks */,
				D1B6D7021D7D10C500C3E647 /* Resources */,
			);
			buildRules = (
			);
			dependencies = (
				D1B6D7061D7D10C500C3E647 /* PBXTargetDependency */,
			);
			name = HBMobileProjectTests;
			productName = HBMobileProjectTests;
			productReference = D1B6D7041D7D10C500C3E647 /* HBMobileProjectTests.xctest */;
			productType = "com.apple.product-type.bundle.unit-test";
		};
		D1B6D70E1D7D10C500C3E647 /* HBMobileProjectUITests */ = {
			isa = PBXNativeTarget;
			buildConfigurationList = D1B6D71E1D7D10C500C3E647 /* Build configuration list for PBXNativeTarget "HBMobileProjectUITests" */;
			buildPhases = (
				D1B6D70B1D7D10C500C3E647 /* Sources */,
				D1B6D70C1D7D10C500C3E647 /* Frameworks */,
				D1B6D70D1D7D10C500C3E647 /* Resources */,
			);
			buildRules = (
			);
			dependencies = (
				D1B6D7111D7D10C500C3E647 /* PBXTargetDependency */,
			);
			name = HBMobileProjectUITests;
			productName = HBMobileProjectUITests;
			productReference = D1B6D70F1D7D10C500C3E647 /* HBMobileProjectUITests.xctest */;
			productType = "com.apple.product-type.bundle.ui-testing";
		};
/* End PBXNativeTarget section */

/* Begin PBXProject section */
		D1B6D6E31D7D10C400C3E647 /* Project object */ = {
			isa = PBXProject;
			attributes = {
				LastUpgradeCheck = 0730;
				ORGANIZATIONNAME = HarbingWang;
				TargetAttributes = {
					D1B6D6EA1D7D10C400C3E647 = {
						CreatedOnToolsVersion = 7.3;
						DevelopmentTeam = TW2KBGCT8Y;
					};
					D1B6D7031D7D10C500C3E647 = {
						CreatedOnToolsVersion = 7.3;
						TestTargetID = D1B6D6EA1D7D10C400C3E647;
					};
					D1B6D70E1D7D10C500C3E647 = {
						CreatedOnToolsVersion = 7.3;
						TestTargetID = D1B6D6EA1D7D10C400C3E647;
					};
				};
			};
			buildConfigurationList = D1B6D6E61D7D10C400C3E647 /* Build configuration list for PBXProject "HBMobileProject" */;
			compatibilityVersion = "Xcode 3.2";
			developmentRegion = English;
			hasScannedForEncodings = 0;
			knownRegions = (
				en,
				Base,
			);
			mainGroup = D1B6D6E21D7D10C400C3E647;
			productRefGroup = D1B6D6EC1D7D10C400C3E647 /* Products */;
			projectDirPath = "";
			projectRoot = "";
			targets = (
				D1B6D6EA1D7D10C400C3E647 /* HBMobileProject */,
				D1B6D7031D7D10C500C3E647 /* HBMobileProjectTests */,
				D1B6D70E1D7D10C500C3E647 /* HBMobileProjectUITests */,
			);
		};
/* End PBXProject section */

/* Begin PBXResourcesBuildPhase section */
		D1B6D6E91D7D10C400C3E647 /* Resources */ = {
			isa = PBXResourcesBuildPhase;
			buildActionMask = 2147483647;
			files = (
				D13B593A1D81A596005D89FA /* music in Resources */,
				D13B58D81D7FFA6F005D89FA /* Localizable.strings in Resources */,
				D13B59391D81A596005D89FA /* music1.json in Resources */,
				D1B6D6FE1D7D10C500C3E647 /* LaunchScreen.storyboard in Resources */,
				D13B59381D81A596005D89FA /* music2.json in Resources */,
				D1B6D6FB1D7D10C500C3E647 /* Assets.xcassets in Resources */,
				D13B58F11D8100F3005D89FA /* QPSDK.bundle in Resources */,
				D13B58E81D800B53005D89FA /* ConfigMovieViewController.xib in Resources */,
				D1B6D7901D7D159600C3E647 /* Info.plist in Resources */,
				D1B6D6F91D7D10C500C3E647 /* Main.storyboard in Resources */,
				D13B58FC1D814485005D89FA /* watermask.png in Resources */,
			);
			runOnlyForDeploymentPostprocessing = 0;
		};
		D1B6D7021D7D10C500C3E647 /* Resources */ = {
			isa = PBXResourcesBuildPhase;
			buildActionMask = 2147483647;
			files = (
			);
			runOnlyForDeploymentPostprocessing = 0;
		};
		D1B6D70D1D7D10C500C3E647 /* Resources */ = {
			isa = PBXResourcesBuildPhase;
			buildActionMask = 2147483647;
			files = (
			);
			runOnlyForDeploymentPostprocessing = 0;
		};
/* End PBXResourcesBuildPhase section */

/* Begin PBXSourcesBuildPhase section */
		D1B6D6E71D7D10C400C3E647 /* Sources */ = {
			isa = PBXSourcesBuildPhase;
			buildActionMask = 2147483647;
			files = (
				D1B6D7711D7D154700C3E647 /* MASConstraintMaker.m in Sources */,
				D13B593D1D81AAA9005D89FA /* UploadMovieCell.m in Sources */,
				D13B5A791D830109005D89FA /* MPTools.m in Sources */,
				D1B6D7911D7D159600C3E647 /* MJExtensionConst.m in Sources */,
				D13B58C11D7FC725005D89FA /* HomeViewController.m in Sources */,
				D13B58E71D800B53005D89FA /* ConfigMovieViewController.m in Sources */,
				D13B591D1D816863005D89FA /* UIView+Gesture.m in Sources */,
				D13B5A5D1D82F602005D89FA /* LoopProgressView.m in Sources */,
				D13B5A601D82F901005D89FA /* StatusBarHUD.m in Sources */,
				D11853751D7EC3B900D1EA92 /* LogInViewController.m in Sources */,
				D1B6D7431D7D11D400C3E647 /* BaseViewController.m in Sources */,
				D13B59521D82DC31005D89FA /* CustomTipsView.m in Sources */,
				D13B59561D82DD61005D89FA /* NSString+Extend.m in Sources */,
				D13B591B1D816863005D89FA /* String.m in Sources */,
				D1B6D7981D7D159600C3E647 /* NSObject+MJKeyValue.m in Sources */,
				D13B59111D8162BE005D89FA /* MoreMusicViewController.m in Sources */,
				D1B6D7701D7D154700C3E647 /* MASConstraint.m in Sources */,
				D13B58EB1D801985005D89FA /* UploadMovieViewController.m in Sources */,
				D13B5A761D82FF8A005D89FA /* YMChangeAccountSuccessView.m in Sources */,
				D13B58941D7EEBAA005D89FA /* CYLTabBar.m in Sources */,
				D13B58C91D7FCD8A005D89FA /* PublishButton.m in Sources */,
				D13B59401D82602F005D89FA /* UIImage+fixOrientation.m in Sources */,
				D1B6D7781D7D154700C3E647 /* ViewController+MASAdditions.m in Sources */,
				D1B6D7721D7D154700C3E647 /* MASLayoutConstraint.m in Sources */,
				D1B6D79A1D7D159600C3E647 /* NSString+MJExtension.m in Sources */,
				D13B591C1D816863005D89FA /* UIImage+RoundedCorner.m in Sources */,
				D13B58961D7EEBAA005D89FA /* UIViewController+CYLTabBarControllerExtention.m in Sources */,
				D1B6D7931D7D159600C3E647 /* MJProperty.m in Sources */,
				D13B5A6D1D82FDAA005D89FA /* UIControl+ClickDelay.m in Sources */,
				D13B58D51D7FF7F9005D89FA /* ViewController.m in Sources */,
				D13B5A701D82FEE0005D89FA /* YMSuccessView.m in Sources */,
				D13B58AA1D7EF093005D89FA /* MessageViewController.m in Sources */,
				D1B6D7921D7D159600C3E647 /* MJFoundation.m in Sources */,
				D1B6D7751D7D154700C3E647 /* NSArray+MASAdditions.m in Sources */,
				D1B6D7741D7D154700C3E647 /* MASViewConstraint.m in Sources */,
				D13B58A41D7EF05B005D89FA /* DiscoverViewController.m in Sources */,
				D13B59461D829AA8005D89FA /* UIViewExt.m in Sources */,
				D1B6D7731D7D154700C3E647 /* MASViewAttribute.m in Sources */,
				D1B6D7951D7D159600C3E647 /* MJPropertyType.m in Sources */,
				D1B6D7961D7D159600C3E647 /* NSObject+MJClass.m in Sources */,
				D13B58AD1D7EF0A1005D89FA /* MineViewController.m in Sources */,
				D13B594F1D82CC88005D89FA /* UIImage+Categories.m in Sources */,
				D1B6D7971D7D159600C3E647 /* NSObject+MJCoding.m in Sources */,
				D1B6D7771D7D154700C3E647 /* View+MASAdditions.m in Sources */,
				D13B58B01D7EF1F3005D89FA /* ConfigTabBarController.m in Sources */,
				D13B594C1D829C3D005D89FA /* UserDefaultKeys.m in Sources */,
				D1B6D7941D7D159600C3E647 /* MJPropertyKey.m in Sources */,
				D13B58E01D8001E5005D89FA /* PublishMovieViewController.m in Sources */,
				D1B6D7991D7D159600C3E647 /* NSObject+MJProperty.m in Sources */,
				D1B6D6F31D7D10C500C3E647 /* AppDelegate.m in Sources */,
				D1B6D6F01D7D10C500C3E647 /* main.m in Sources */,
				D13B58951D7EEBAA005D89FA /* CYLTabBarController.m in Sources */,
				D13B59431D826A4A005D89FA /* MoreMusicCell.m in Sources */,
				D1B6D76F1D7D154700C3E647 /* MASCompositeConstraint.m in Sources */,
				D13B58931D7EEBAA005D89FA /* CYLPlusButton.m in Sources */,
				D1B6D7761D7D154700C3E647 /* NSLayoutConstraint+MASDebugAdditions.m in Sources */,
			);
			runOnlyForDeploymentPostprocessing = 0;
		};
		D1B6D7001D7D10C500C3E647 /* Sources */ = {
			isa = PBXSourcesBuildPhase;
			buildActionMask = 2147483647;
			files = (
				D1B6D7091D7D10C500C3E647 /* HBMobileProjectTests.m in Sources */,
			);
			runOnlyForDeploymentPostprocessing = 0;
		};
		D1B6D70B1D7D10C500C3E647 /* Sources */ = {
			isa = PBXSourcesBuildPhase;
			buildActionMask = 2147483647;
			files = (
				D1B6D7141D7D10C500C3E647 /* HBMobileProjectUITests.m in Sources */,
			);
			runOnlyForDeploymentPostprocessing = 0;
		};
/* End PBXSourcesBuildPhase section */

/* Begin PBXTargetDependency section */
		D1B6D7061D7D10C500C3E647 /* PBXTargetDependency */ = {
			isa = PBXTargetDependency;
			target = D1B6D6EA1D7D10C400C3E647 /* HBMobileProject */;
			targetProxy = D1B6D7051D7D10C500C3E647 /* PBXContainerItemProxy */;
		};
		D1B6D7111D7D10C500C3E647 /* PBXTargetDependency */ = {
			isa = PBXTargetDependency;
			target = D1B6D6EA1D7D10C400C3E647 /* HBMobileProject */;
			targetProxy = D1B6D7101D7D10C500C3E647 /* PBXContainerItemProxy */;
		};
/* End PBXTargetDependency section */

/* Begin PBXVariantGroup section */
		D13B58DA1D7FFA6F005D89FA /* Localizable.strings */ = {
			isa = PBXVariantGroup;
			children = (
				D13B58D91D7FFA6F005D89FA /* Base */,
			);
			name = Localizable.strings;
			sourceTree = "<group>";
		};
		D1B6D6F71D7D10C500C3E647 /* Main.storyboard */ = {
			isa = PBXVariantGroup;
			children = (
				D1B6D6F81D7D10C500C3E647 /* Base */,
			);
			name = Main.storyboard;
			sourceTree = "<group>";
		};
		D1B6D6FC1D7D10C500C3E647 /* LaunchScreen.storyboard */ = {
			isa = PBXVariantGroup;
			children = (
				D1B6D6FD1D7D10C500C3E647 /* Base */,
			);
			name = LaunchScreen.storyboard;
			sourceTree = "<group>";
		};
/* End PBXVariantGroup section */

/* Begin XCBuildConfiguration section */
		D1B6D7161D7D10C500C3E647 /* Debug */ = {
			isa = XCBuildConfiguration;
			buildSettings = {
				ALWAYS_SEARCH_USER_PATHS = NO;
				CLANG_ANALYZER_NONNULL = YES;
				CLANG_CXX_LANGUAGE_STANDARD = "gnu++0x";
				CLANG_CXX_LIBRARY = "libc++";
				CLANG_ENABLE_MODULES = YES;
				CLANG_ENABLE_OBJC_ARC = YES;
				CLANG_WARN_BOOL_CONVERSION = YES;
				CLANG_WARN_CONSTANT_CONVERSION = YES;
				CLANG_WARN_DIRECT_OBJC_ISA_USAGE = YES_ERROR;
				CLANG_WARN_EMPTY_BODY = YES;
				CLANG_WARN_ENUM_CONVERSION = YES;
				CLANG_WARN_INT_CONVERSION = YES;
				CLANG_WARN_OBJC_ROOT_CLASS = YES_ERROR;
				CLANG_WARN_UNREACHABLE_CODE = YES;
				CLANG_WARN__DUPLICATE_METHOD_MATCH = YES;
				"CODE_SIGN_IDENTITY[sdk=iphoneos*]" = "iPhone Developer";
				COPY_PHASE_STRIP = NO;
				DEBUG_INFORMATION_FORMAT = dwarf;
				ENABLE_STRICT_OBJC_MSGSEND = YES;
				ENABLE_TESTABILITY = YES;
				GCC_C_LANGUAGE_STANDARD = gnu99;
				GCC_DYNAMIC_NO_PIC = NO;
				GCC_NO_COMMON_BLOCKS = YES;
				GCC_OPTIMIZATION_LEVEL = 0;
				GCC_PREPROCESSOR_DEFINITIONS = (
					"DEBUG=1",
					"$(inherited)",
				);
				GCC_WARN_64_TO_32_BIT_CONVERSION = YES;
				GCC_WARN_ABOUT_RETURN_TYPE = YES_ERROR;
				GCC_WARN_UNDECLARED_SELECTOR = YES;
				GCC_WARN_UNINITIALIZED_AUTOS = YES_AGGRESSIVE;
				GCC_WARN_UNUSED_FUNCTION = YES;
				GCC_WARN_UNUSED_VARIABLE = YES;
				IPHONEOS_DEPLOYMENT_TARGET = 9.3;
				MTL_ENABLE_DEBUG_INFO = YES;
				ONLY_ACTIVE_ARCH = YES;
				SDKROOT = iphoneos;
				TARGETED_DEVICE_FAMILY = "1,2";
			};
			name = Debug;
		};
		D1B6D7171D7D10C500C3E647 /* Release */ = {
			isa = XCBuildConfiguration;
			buildSettings = {
				ALWAYS_SEARCH_USER_PATHS = NO;
				CLANG_ANALYZER_NONNULL = YES;
				CLANG_CXX_LANGUAGE_STANDARD = "gnu++0x";
				CLANG_CXX_LIBRARY = "libc++";
				CLANG_ENABLE_MODULES = YES;
				CLANG_ENABLE_OBJC_ARC = YES;
				CLANG_WARN_BOOL_CONVERSION = YES;
				CLANG_WARN_CONSTANT_CONVERSION = YES;
				CLANG_WARN_DIRECT_OBJC_ISA_USAGE = YES_ERROR;
				CLANG_WARN_EMPTY_BODY = YES;
				CLANG_WARN_ENUM_CONVERSION = YES;
				CLANG_WARN_INT_CONVERSION = YES;
				CLANG_WARN_OBJC_ROOT_CLASS = YES_ERROR;
				CLANG_WARN_UNREACHABLE_CODE = YES;
				CLANG_WARN__DUPLICATE_METHOD_MATCH = YES;
				"CODE_SIGN_IDENTITY[sdk=iphoneos*]" = "iPhone Developer";
				COPY_PHASE_STRIP = NO;
				DEBUG_INFORMATION_FORMAT = "dwarf-with-dsym";
				ENABLE_NS_ASSERTIONS = NO;
				ENABLE_STRICT_OBJC_MSGSEND = YES;
				GCC_C_LANGUAGE_STANDARD = gnu99;
				GCC_NO_COMMON_BLOCKS = YES;
				GCC_WARN_64_TO_32_BIT_CONVERSION = YES;
				GCC_WARN_ABOUT_RETURN_TYPE = YES_ERROR;
				GCC_WARN_UNDECLARED_SELECTOR = YES;
				GCC_WARN_UNINITIALIZED_AUTOS = YES_AGGRESSIVE;
				GCC_WARN_UNUSED_FUNCTION = YES;
				GCC_WARN_UNUSED_VARIABLE = YES;
				IPHONEOS_DEPLOYMENT_TARGET = 9.3;
				MTL_ENABLE_DEBUG_INFO = NO;
				SDKROOT = iphoneos;
				TARGETED_DEVICE_FAMILY = "1,2";
				VALIDATE_PRODUCT = YES;
			};
			name = Release;
		};
		D1B6D7191D7D10C500C3E647 /* Debug */ = {
			isa = XCBuildConfiguration;
			buildSettings = {
				ASSETCATALOG_COMPILER_APPICON_NAME = AppIcon;
				CODE_SIGN_IDENTITY = "iPhone Developer";
				"CODE_SIGN_IDENTITY[sdk=iphoneos*]" = "iPhone Developer";
				FRAMEWORK_SEARCH_PATHS = (
					"$(inherited)",
					"$(PROJECT_DIR)/HBMobileProject/Vender",
					"$(PROJECT_DIR)/HBMobileProject",
				);
				GCC_PREFIX_HEADER = "$(SRCROOT)/HBMobileProject/Expand/Macros/PchFile.pch";
				INFOPLIST_FILE = HBMobileProject/Info.plist;
				LD_RUNPATH_SEARCH_PATHS = "$(inherited) @executable_path/Frameworks";
				OTHER_LDFLAGS = "-ObjC";
				"OTHER_LDFLAGS[sdk=iphonesimulator*]" = "-ObjC";
				PRODUCT_BUNDLE_IDENTIFIER = com.harbingwang.github.io.HBMobileProject;
				PRODUCT_NAME = "$(TARGET_NAME)";
				PROVISIONING_PROFILE = "";
			};
			name = Debug;
		};
		D1B6D71A1D7D10C500C3E647 /* Release */ = {
			isa = XCBuildConfiguration;
			buildSettings = {
				ASSETCATALOG_COMPILER_APPICON_NAME = AppIcon;
				CODE_SIGN_IDENTITY = "iPhone Developer";
				"CODE_SIGN_IDENTITY[sdk=iphoneos*]" = "iPhone Developer";
				FRAMEWORK_SEARCH_PATHS = (
					"$(inherited)",
					"$(PROJECT_DIR)/HBMobileProject/Vender",
					"$(PROJECT_DIR)/HBMobileProject",
				);
				GCC_PREFIX_HEADER = "$(SRCROOT)/HBMobileProject/Expand/Macros/PchFile.pch";
				INFOPLIST_FILE = HBMobileProject/Info.plist;
				LD_RUNPATH_SEARCH_PATHS = "$(inherited) @executable_path/Frameworks";
				OTHER_LDFLAGS = "-ObjC";
				PRODUCT_BUNDLE_IDENTIFIER = com.harbingwang.github.io.HBMobileProject;
				PRODUCT_NAME = "$(TARGET_NAME)";
				PROVISIONING_PROFILE = "";
			};
			name = Release;
		};
		D1B6D71C1D7D10C500C3E647 /* Debug */ = {
			isa = XCBuildConfiguration;
			buildSettings = {
				BUNDLE_LOADER = "$(TEST_HOST)";
				INFOPLIST_FILE = HBMobileProjectTests/Info.plist;
				LD_RUNPATH_SEARCH_PATHS = "$(inherited) @executable_path/Frameworks @loader_path/Frameworks";
				PRODUCT_BUNDLE_IDENTIFIER = com.harbingwang.github.io.HBMobileProjectTests;
				PRODUCT_NAME = "$(TARGET_NAME)";
				TEST_HOST = "$(BUILT_PRODUCTS_DIR)/HBMobileProject.app/HBMobileProject";
			};
			name = Debug;
		};
		D1B6D71D1D7D10C500C3E647 /* Release */ = {
			isa = XCBuildConfiguration;
			buildSettings = {
				BUNDLE_LOADER = "$(TEST_HOST)";
				INFOPLIST_FILE = HBMobileProjectTests/Info.plist;
				LD_RUNPATH_SEARCH_PATHS = "$(inherited) @executable_path/Frameworks @loader_path/Frameworks";
				PRODUCT_BUNDLE_IDENTIFIER = com.harbingwang.github.io.HBMobileProjectTests;
				PRODUCT_NAME = "$(TARGET_NAME)";
				TEST_HOST = "$(BUILT_PRODUCTS_DIR)/HBMobileProject.app/HBMobileProject";
			};
			name = Release;
		};
		D1B6D71F1D7D10C500C3E647 /* Debug */ = {
			isa = XCBuildConfiguration;
			buildSettings = {
				INFOPLIST_FILE = HBMobileProjectUITests/Info.plist;
				LD_RUNPATH_SEARCH_PATHS = "$(inherited) @executable_path/Frameworks @loader_path/Frameworks";
				PRODUCT_BUNDLE_IDENTIFIER = com.harbingwang.github.io.HBMobileProjectUITests;
				PRODUCT_NAME = "$(TARGET_NAME)";
				TEST_TARGET_NAME = HBMobileProject;
			};
			name = Debug;
		};
		D1B6D7201D7D10C500C3E647 /* Release */ = {
			isa = XCBuildConfiguration;
			buildSettings = {
				INFOPLIST_FILE = HBMobileProjectUITests/Info.plist;
				LD_RUNPATH_SEARCH_PATHS = "$(inherited) @executable_path/Frameworks @loader_path/Frameworks";
				PRODUCT_BUNDLE_IDENTIFIER = com.harbingwang.github.io.HBMobileProjectUITests;
				PRODUCT_NAME = "$(TARGET_NAME)";
				TEST_TARGET_NAME = HBMobileProject;
			};
			name = Release;
		};
/* End XCBuildConfiguration section */

/* Begin XCConfigurationList section */
		D1B6D6E61D7D10C400C3E647 /* Build configuration list for PBXProject "HBMobileProject" */ = {
			isa = XCConfigurationList;
			buildConfigurations = (
				D1B6D7161D7D10C500C3E647 /* Debug */,
				D1B6D7171D7D10C500C3E647 /* Release */,
			);
			defaultConfigurationIsVisible = 0;
			defaultConfigurationName = Release;
		};
		D1B6D7181D7D10C500C3E647 /* Build configuration list for PBXNativeTarget "HBMobileProject" */ = {
			isa = XCConfigurationList;
			buildConfigurations = (
				D1B6D7191D7D10C500C3E647 /* Debug */,
				D1B6D71A1D7D10C500C3E647 /* Release */,
			);
			defaultConfigurationIsVisible = 0;
			defaultConfigurationName = Release;
		};
		D1B6D71B1D7D10C500C3E647 /* Build configuration list for PBXNativeTarget "HBMobileProjectTests" */ = {
			isa = XCConfigurationList;
			buildConfigurations = (
				D1B6D71C1D7D10C500C3E647 /* Debug */,
				D1B6D71D1D7D10C500C3E647 /* Release */,
			);
			defaultConfigurationIsVisible = 0;
			defaultConfigurationName = Release;
		};
		D1B6D71E1D7D10C500C3E647 /* Build configuration list for PBXNativeTarget "HBMobileProjectUITests" */ = {
			isa = XCConfigurationList;
			buildConfigurations = (
				D1B6D71F1D7D10C500C3E647 /* Debug */,
				D1B6D7201D7D10C500C3E647 /* Release */,
			);
			defaultConfigurationIsVisible = 0;
			defaultConfigurationName = Release;
		};
/* End XCConfigurationList section */
	};
	rootObject = D1B6D6E31D7D10C400C3E647 /* Project object */;
}
